// !$*UTF8*$!
{
	archiveVersion = 1;
	classes = {
	};
	objectVersion = 55;
	objects = {

/* Begin PBXBuildFile section */
		034B1F41274902BC003C7C48 /* Favorite.framework in Frameworks */ = {isa = PBXBuildFile; fileRef = 034B1F40274902BC003C7C48 /* Favorite.framework */; };
		034B1F42274902BC003C7C48 /* Favorite.framework in Embed Frameworks */ = {isa = PBXBuildFile; fileRef = 034B1F40274902BC003C7C48 /* Favorite.framework */; settings = {ATTRIBUTES = (CodeSignOnCopy, RemoveHeadersOnCopy, ); }; };
		034B1F45274902C5003C7C48 /* Core.framework in Frameworks */ = {isa = PBXBuildFile; fileRef = 034B1F44274902C5003C7C48 /* Core.framework */; };
		034B1F46274902C5003C7C48 /* Core.framework in Embed Frameworks */ = {isa = PBXBuildFile; fileRef = 034B1F44274902C5003C7C48 /* Core.framework */; settings = {ATTRIBUTES = (CodeSignOnCopy, RemoveHeadersOnCopy, ); }; };
		0376F9D4274A822900007EC5 /* Injection.swift in Sources */ = {isa = PBXBuildFile; fileRef = 0376F9D3274A822900007EC5 /* Injection.swift */; };
		03A8294E2737A86C00A3D19D /* AppDelegate.swift in Sources */ = {isa = PBXBuildFile; fileRef = 03A8294D2737A86C00A3D19D /* AppDelegate.swift */; };
		03A829502737A86C00A3D19D /* SceneDelegate.swift in Sources */ = {isa = PBXBuildFile; fileRef = 03A8294F2737A86C00A3D19D /* SceneDelegate.swift */; };
		03A829552737A86C00A3D19D /* Main.storyboard in Resources */ = {isa = PBXBuildFile; fileRef = 03A829532737A86C00A3D19D /* Main.storyboard */; };
		03A829572737A86D00A3D19D /* Assets.xcassets in Resources */ = {isa = PBXBuildFile; fileRef = 03A829562737A86D00A3D19D /* Assets.xcassets */; };
		03A8295A2737A86D00A3D19D /* LaunchScreen.storyboard in Resources */ = {isa = PBXBuildFile; fileRef = 03A829582737A86D00A3D19D /* LaunchScreen.storyboard */; };
		03A829652737A86D00A3D19D /* gimpolitan_clean_submission_expertTests.swift in Sources */ = {isa = PBXBuildFile; fileRef = 03A829642737A86D00A3D19D /* gimpolitan_clean_submission_expertTests.swift */; };
		03A8296F2737A86D00A3D19D /* gimpolitan_clean_submission_expertUITests.swift in Sources */ = {isa = PBXBuildFile; fileRef = 03A8296E2737A86D00A3D19D /* gimpolitan_clean_submission_expertUITests.swift */; };
		03A829712737A86D00A3D19D /* gimpolitan_clean_submission_expertUITestsLaunchTests.swift in Sources */ = {isa = PBXBuildFile; fileRef = 03A829702737A86D00A3D19D /* gimpolitan_clean_submission_expertUITestsLaunchTests.swift */; };
		03BA8FB1273EC12D004461DA /* GameDetailViewController.swift in Sources */ = {isa = PBXBuildFile; fileRef = 03BA8FAF273EC12D004461DA /* GameDetailViewController.swift */; };
		03BA8FB2273EC12D004461DA /* GameDetailViewController.xib in Resources */ = {isa = PBXBuildFile; fileRef = 03BA8FB0273EC12D004461DA /* GameDetailViewController.xib */; };
		03C02817273F52FE00566F92 /* ProfileViewController.swift in Sources */ = {isa = PBXBuildFile; fileRef = 03C02815273F52FE00566F92 /* ProfileViewController.swift */; };
		03C02818273F52FE00566F92 /* ProfileViewController.xib in Resources */ = {isa = PBXBuildFile; fileRef = 03C02816273F52FE00566F92 /* ProfileViewController.xib */; };
		03C0281B273F58C200566F92 /* EditProfileViewController.swift in Sources */ = {isa = PBXBuildFile; fileRef = 03C02819273F58C200566F92 /* EditProfileViewController.swift */; };
		03C0281C273F58C200566F92 /* EditProfileViewController.xib in Resources */ = {isa = PBXBuildFile; fileRef = 03C0281A273F58C200566F92 /* EditProfileViewController.xib */; };
		03CBCB392740BC4E0056A685 /* FavoriteTableViewController.swift in Sources */ = {isa = PBXBuildFile; fileRef = 03CBCB372740BC4E0056A685 /* FavoriteTableViewController.swift */; };
		03CBCB3A2740BC4E0056A685 /* FavoriteTableViewController.xib in Resources */ = {isa = PBXBuildFile; fileRef = 03CBCB382740BC4E0056A685 /* FavoriteTableViewController.xib */; };
		03CBCB3C2740C3B00056A685 /* FavoriteRouter.swift in Sources */ = {isa = PBXBuildFile; fileRef = 03CBCB3B2740C3B00056A685 /* FavoriteRouter.swift */; };
		03CBEEC527396FD400706069 /* TabBarController.swift in Sources */ = {isa = PBXBuildFile; fileRef = 03CBEEC427396FD400706069 /* TabBarController.swift */; };
		03CBEEC82739701700706069 /* GameTableViewController.swift in Sources */ = {isa = PBXBuildFile; fileRef = 03CBEEC62739701700706069 /* GameTableViewController.swift */; };
		03CBEEC92739701700706069 /* GameTableViewController.xib in Resources */ = {isa = PBXBuildFile; fileRef = 03CBEEC72739701700706069 /* GameTableViewController.xib */; };
		03CBEECC2739704100706069 /* GameTableViewCell.swift in Sources */ = {isa = PBXBuildFile; fileRef = 03CBEECA2739704100706069 /* GameTableViewCell.swift */; };
		03CBEECD2739704100706069 /* GameTableViewCell.xib in Resources */ = {isa = PBXBuildFile; fileRef = 03CBEECB2739704100706069 /* GameTableViewCell.xib */; };
		03D6A9F627381AEE002EAE68 /* GameRouter.swift in Sources */ = {isa = PBXBuildFile; fileRef = 03D6A9F527381AEE002EAE68 /* GameRouter.swift */; };
		03FBB55B2748F3A90081E545 /* Game.framework in Frameworks */ = {isa = PBXBuildFile; fileRef = 03FBB55A2748F3A90081E545 /* Game.framework */; };
		38D458EAA20E97AA3151B4AF /* Pods_gimpolitan_clean_submission_expertTests.framework in Frameworks */ = {isa = PBXBuildFile; fileRef = 7E081A5AA960C2067DC11FF0 /* Pods_gimpolitan_clean_submission_expertTests.framework */; };
		94B05156F35D46A47E9BAE7B /* Pods_gimpolitan_clean_submission_expert_gimpolitan_clean_submission_expertUITests.framework in Frameworks */ = {isa = PBXBuildFile; fileRef = BAFFEB9EB0540F2B919CFD63 /* Pods_gimpolitan_clean_submission_expert_gimpolitan_clean_submission_expertUITests.framework */; };
		CD0BB1F676A326A866896839 /* Pods_gimpolitan_clean_submission_expert.framework in Frameworks */ = {isa = PBXBuildFile; fileRef = 1382004D166EB09F89C0CA1F /* Pods_gimpolitan_clean_submission_expert.framework */; };
/* End PBXBuildFile section */

/* Begin PBXContainerItemProxy section */
		03A829612737A86D00A3D19D /* PBXContainerItemProxy */ = {
			isa = PBXContainerItemProxy;
			containerPortal = 03A829422737A86C00A3D19D /* Project object */;
			proxyType = 1;
			remoteGlobalIDString = 03A829492737A86C00A3D19D;
			remoteInfo = "gimpolitan-clean-submission-expert";
		};
		03A8296B2737A86D00A3D19D /* PBXContainerItemProxy */ = {
			isa = PBXContainerItemProxy;
			containerPortal = 03A829422737A86C00A3D19D /* Project object */;
			proxyType = 1;
			remoteGlobalIDString = 03A829492737A86C00A3D19D;
			remoteInfo = "gimpolitan-clean-submission-expert";
		};
/* End PBXContainerItemProxy section */

/* Begin PBXCopyFilesBuildPhase section */
		034B1F43274902BC003C7C48 /* Embed Frameworks */ = {
			isa = PBXCopyFilesBuildPhase;
			buildActionMask = 2147483647;
			dstPath = "";
			dstSubfolderSpec = 10;
			files = (
				034B1F42274902BC003C7C48 /* Favorite.framework in Embed Frameworks */,
				034B1F46274902C5003C7C48 /* Core.framework in Embed Frameworks */,
			);
			name = "Embed Frameworks";
			runOnlyForDeploymentPostprocessing = 0;
		};
/* End PBXCopyFilesBuildPhase section */

/* Begin PBXFileReference section */
		034B1F40274902BC003C7C48 /* Favorite.framework */ = {isa = PBXFileReference; explicitFileType = wrapper.framework; path = Favorite.framework; sourceTree = BUILT_PRODUCTS_DIR; };
		034B1F44274902C5003C7C48 /* Core.framework */ = {isa = PBXFileReference; explicitFileType = wrapper.framework; path = Core.framework; sourceTree = BUILT_PRODUCTS_DIR; };
		0376F9D3274A822900007EC5 /* Injection.swift */ = {isa = PBXFileReference; lastKnownFileType = sourcecode.swift; path = Injection.swift; sourceTree = "<group>"; };
		03A8294A2737A86C00A3D19D /* gimpolitan-clean-submission-expert.app */ = {isa = PBXFileReference; explicitFileType = wrapper.application; includeInIndex = 0; path = "gimpolitan-clean-submission-expert.app"; sourceTree = BUILT_PRODUCTS_DIR; };
		03A8294D2737A86C00A3D19D /* AppDelegate.swift */ = {isa = PBXFileReference; lastKnownFileType = sourcecode.swift; path = AppDelegate.swift; sourceTree = "<group>"; };
		03A8294F2737A86C00A3D19D /* SceneDelegate.swift */ = {isa = PBXFileReference; lastKnownFileType = sourcecode.swift; path = SceneDelegate.swift; sourceTree = "<group>"; };
		03A829542737A86C00A3D19D /* Base */ = {isa = PBXFileReference; lastKnownFileType = file.storyboard; name = Base; path = Base.lproj/Main.storyboard; sourceTree = "<group>"; };
		03A829562737A86D00A3D19D /* Assets.xcassets */ = {isa = PBXFileReference; lastKnownFileType = folder.assetcatalog; path = Assets.xcassets; sourceTree = "<group>"; };
		03A829592737A86D00A3D19D /* Base */ = {isa = PBXFileReference; lastKnownFileType = file.storyboard; name = Base; path = Base.lproj/LaunchScreen.storyboard; sourceTree = "<group>"; };
		03A8295B2737A86D00A3D19D /* Info.plist */ = {isa = PBXFileReference; lastKnownFileType = text.plist.xml; path = Info.plist; sourceTree = "<group>"; };
		03A829602737A86D00A3D19D /* gimpolitan-clean-submission-expertTests.xctest */ = {isa = PBXFileReference; explicitFileType = wrapper.cfbundle; includeInIndex = 0; path = "gimpolitan-clean-submission-expertTests.xctest"; sourceTree = BUILT_PRODUCTS_DIR; };
		03A829642737A86D00A3D19D /* gimpolitan_clean_submission_expertTests.swift */ = {isa = PBXFileReference; lastKnownFileType = sourcecode.swift; path = gimpolitan_clean_submission_expertTests.swift; sourceTree = "<group>"; };
		03A8296A2737A86D00A3D19D /* gimpolitan-clean-submission-expertUITests.xctest */ = {isa = PBXFileReference; explicitFileType = wrapper.cfbundle; includeInIndex = 0; path = "gimpolitan-clean-submission-expertUITests.xctest"; sourceTree = BUILT_PRODUCTS_DIR; };
		03A8296E2737A86D00A3D19D /* gimpolitan_clean_submission_expertUITests.swift */ = {isa = PBXFileReference; lastKnownFileType = sourcecode.swift; path = gimpolitan_clean_submission_expertUITests.swift; sourceTree = "<group>"; };
		03A829702737A86D00A3D19D /* gimpolitan_clean_submission_expertUITestsLaunchTests.swift */ = {isa = PBXFileReference; lastKnownFileType = sourcecode.swift; path = gimpolitan_clean_submission_expertUITestsLaunchTests.swift; sourceTree = "<group>"; };
		03BA8FAF273EC12D004461DA /* GameDetailViewController.swift */ = {isa = PBXFileReference; lastKnownFileType = sourcecode.swift; path = GameDetailViewController.swift; sourceTree = "<group>"; };
		03BA8FB0273EC12D004461DA /* GameDetailViewController.xib */ = {isa = PBXFileReference; lastKnownFileType = file.xib; path = GameDetailViewController.xib; sourceTree = "<group>"; };
		03C02815273F52FE00566F92 /* ProfileViewController.swift */ = {isa = PBXFileReference; lastKnownFileType = sourcecode.swift; path = ProfileViewController.swift; sourceTree = "<group>"; };
		03C02816273F52FE00566F92 /* ProfileViewController.xib */ = {isa = PBXFileReference; lastKnownFileType = file.xib; path = ProfileViewController.xib; sourceTree = "<group>"; };
		03C02819273F58C200566F92 /* EditProfileViewController.swift */ = {isa = PBXFileReference; lastKnownFileType = sourcecode.swift; path = EditProfileViewController.swift; sourceTree = "<group>"; };
		03C0281A273F58C200566F92 /* EditProfileViewController.xib */ = {isa = PBXFileReference; lastKnownFileType = file.xib; path = EditProfileViewController.xib; sourceTree = "<group>"; };
		03CBCB372740BC4E0056A685 /* FavoriteTableViewController.swift */ = {isa = PBXFileReference; lastKnownFileType = sourcecode.swift; path = FavoriteTableViewController.swift; sourceTree = "<group>"; };
		03CBCB382740BC4E0056A685 /* FavoriteTableViewController.xib */ = {isa = PBXFileReference; lastKnownFileType = file.xib; path = FavoriteTableViewController.xib; sourceTree = "<group>"; };
		03CBCB3B2740C3B00056A685 /* FavoriteRouter.swift */ = {isa = PBXFileReference; lastKnownFileType = sourcecode.swift; path = FavoriteRouter.swift; sourceTree = "<group>"; };
		03CBEEC427396FD400706069 /* TabBarController.swift */ = {isa = PBXFileReference; lastKnownFileType = sourcecode.swift; path = TabBarController.swift; sourceTree = "<group>"; };
		03CBEEC62739701700706069 /* GameTableViewController.swift */ = {isa = PBXFileReference; lastKnownFileType = sourcecode.swift; path = GameTableViewController.swift; sourceTree = "<group>"; };
		03CBEEC72739701700706069 /* GameTableViewController.xib */ = {isa = PBXFileReference; lastKnownFileType = file.xib; path = GameTableViewController.xib; sourceTree = "<group>"; };
		03CBEECA2739704100706069 /* GameTableViewCell.swift */ = {isa = PBXFileReference; lastKnownFileType = sourcecode.swift; path = GameTableViewCell.swift; sourceTree = "<group>"; };
		03CBEECB2739704100706069 /* GameTableViewCell.xib */ = {isa = PBXFileReference; lastKnownFileType = file.xib; path = GameTableViewCell.xib; sourceTree = "<group>"; };
		03CD404A275678B400BB56A3 /* id */ = {isa = PBXFileReference; lastKnownFileType = text.plist.strings; name = id; path = id.lproj/Main.strings; sourceTree = "<group>"; };
		03CD404B275678B400BB56A3 /* id */ = {isa = PBXFileReference; lastKnownFileType = text.plist.strings; name = id; path = id.lproj/LaunchScreen.strings; sourceTree = "<group>"; };
		03D6A9F527381AEE002EAE68 /* GameRouter.swift */ = {isa = PBXFileReference; lastKnownFileType = sourcecode.swift; path = GameRouter.swift; sourceTree = "<group>"; };
		03FBB55A2748F3A90081E545 /* Game.framework */ = {isa = PBXFileReference; explicitFileType = wrapper.framework; path = Game.framework; sourceTree = BUILT_PRODUCTS_DIR; };
		1382004D166EB09F89C0CA1F /* Pods_gimpolitan_clean_submission_expert.framework */ = {isa = PBXFileReference; explicitFileType = wrapper.framework; includeInIndex = 0; path = Pods_gimpolitan_clean_submission_expert.framework; sourceTree = BUILT_PRODUCTS_DIR; };
		24DCA9FD857DDD5908A2EA73 /* Pods-gimpolitan-clean-submission-expert-gimpolitan-clean-submission-expertUITests.release.xcconfig */ = {isa = PBXFileReference; includeInIndex = 1; lastKnownFileType = text.xcconfig; name = "Pods-gimpolitan-clean-submission-expert-gimpolitan-clean-submission-expertUITests.release.xcconfig"; path = "Target Support Files/Pods-gimpolitan-clean-submission-expert-gimpolitan-clean-submission-expertUITests/Pods-gimpolitan-clean-submission-expert-gimpolitan-clean-submission-expertUITests.release.xcconfig"; sourceTree = "<group>"; };
		4A8F364649FD9137AA7191C9 /* Pods-gimpolitan-clean-submission-expert.release.xcconfig */ = {isa = PBXFileReference; includeInIndex = 1; lastKnownFileType = text.xcconfig; name = "Pods-gimpolitan-clean-submission-expert.release.xcconfig"; path = "Target Support Files/Pods-gimpolitan-clean-submission-expert/Pods-gimpolitan-clean-submission-expert.release.xcconfig"; sourceTree = "<group>"; };
		7E081A5AA960C2067DC11FF0 /* Pods_gimpolitan_clean_submission_expertTests.framework */ = {isa = PBXFileReference; explicitFileType = wrapper.framework; includeInIndex = 0; path = Pods_gimpolitan_clean_submission_expertTests.framework; sourceTree = BUILT_PRODUCTS_DIR; };
		8EB7849EB0D9A2D4BF515F82 /* Pods-gimpolitan-clean-submission-expert-gimpolitan-clean-submission-expertUITests.debug.xcconfig */ = {isa = PBXFileReference; includeInIndex = 1; lastKnownFileType = text.xcconfig; name = "Pods-gimpolitan-clean-submission-expert-gimpolitan-clean-submission-expertUITests.debug.xcconfig"; path = "Target Support Files/Pods-gimpolitan-clean-submission-expert-gimpolitan-clean-submission-expertUITests/Pods-gimpolitan-clean-submission-expert-gimpolitan-clean-submission-expertUITests.debug.xcconfig"; sourceTree = "<group>"; };
		8F3CC3BCA2B7B6F2CBE40BAB /* Pods-gimpolitan-clean-submission-expertTests.debug.xcconfig */ = {isa = PBXFileReference; includeInIndex = 1; lastKnownFileType = text.xcconfig; name = "Pods-gimpolitan-clean-submission-expertTests.debug.xcconfig"; path = "Target Support Files/Pods-gimpolitan-clean-submission-expertTests/Pods-gimpolitan-clean-submission-expertTests.debug.xcconfig"; sourceTree = "<group>"; };
		BAFFEB9EB0540F2B919CFD63 /* Pods_gimpolitan_clean_submission_expert_gimpolitan_clean_submission_expertUITests.framework */ = {isa = PBXFileReference; explicitFileType = wrapper.framework; includeInIndex = 0; path = Pods_gimpolitan_clean_submission_expert_gimpolitan_clean_submission_expertUITests.framework; sourceTree = BUILT_PRODUCTS_DIR; };
		C3D78E4E41443FBD6E6E7E40 /* Pods-gimpolitan-clean-submission-expert.debug.xcconfig */ = {isa = PBXFileReference; includeInIndex = 1; lastKnownFileType = text.xcconfig; name = "Pods-gimpolitan-clean-submission-expert.debug.xcconfig"; path = "Target Support Files/Pods-gimpolitan-clean-submission-expert/Pods-gimpolitan-clean-submission-expert.debug.xcconfig"; sourceTree = "<group>"; };
		FC648A27D58ED0482DCC5195 /* Pods-gimpolitan-clean-submission-expertTests.release.xcconfig */ = {isa = PBXFileReference; includeInIndex = 1; lastKnownFileType = text.xcconfig; name = "Pods-gimpolitan-clean-submission-expertTests.release.xcconfig"; path = "Target Support Files/Pods-gimpolitan-clean-submission-expertTests/Pods-gimpolitan-clean-submission-expertTests.release.xcconfig"; sourceTree = "<group>"; };
/* End PBXFileReference section */

/* Begin PBXFrameworksBuildPhase section */
		03A829472737A86C00A3D19D /* Frameworks */ = {
			isa = PBXFrameworksBuildPhase;
			buildActionMask = 2147483647;
			files = (
				034B1F41274902BC003C7C48 /* Favorite.framework in Frameworks */,
				03FBB55B2748F3A90081E545 /* Game.framework in Frameworks */,
				CD0BB1F676A326A866896839 /* Pods_gimpolitan_clean_submission_expert.framework in Frameworks */,
				034B1F45274902C5003C7C48 /* Core.framework in Frameworks */,
			);
			runOnlyForDeploymentPostprocessing = 0;
		};
		03A8295D2737A86D00A3D19D /* Frameworks */ = {
			isa = PBXFrameworksBuildPhase;
			buildActionMask = 2147483647;
			files = (
				38D458EAA20E97AA3151B4AF /* Pods_gimpolitan_clean_submission_expertTests.framework in Frameworks */,
			);
			runOnlyForDeploymentPostprocessing = 0;
		};
		03A829672737A86D00A3D19D /* Frameworks */ = {
			isa = PBXFrameworksBuildPhase;
			buildActionMask = 2147483647;
			files = (
				94B05156F35D46A47E9BAE7B /* Pods_gimpolitan_clean_submission_expert_gimpolitan_clean_submission_expertUITests.framework in Frameworks */,
			);
			runOnlyForDeploymentPostprocessing = 0;
		};
/* End PBXFrameworksBuildPhase section */

/* Begin PBXGroup section */
		0376F9D2274A821200007EC5 /* DI */ = {
			isa = PBXGroup;
			children = (
				0376F9D3274A822900007EC5 /* Injection.swift */,
			);
			path = DI;
			sourceTree = "<group>";
		};
		03A829412737A86C00A3D19D = {
			isa = PBXGroup;
			children = (
				03A8294C2737A86C00A3D19D /* gimpolitan-clean-submission-expert */,
				03A829632737A86D00A3D19D /* gimpolitan-clean-submission-expertTests */,
				03A8296D2737A86D00A3D19D /* gimpolitan-clean-submission-expertUITests */,
				03A8294B2737A86C00A3D19D /* Products */,
				BCDA5BD59AD62C93FFDFBBF4 /* Pods */,
				D796DCE43AFBC0551898CFF3 /* Frameworks */,
			);
			sourceTree = "<group>";
		};
		03A8294B2737A86C00A3D19D /* Products */ = {
			isa = PBXGroup;
			children = (
				03A8294A2737A86C00A3D19D /* gimpolitan-clean-submission-expert.app */,
				03A829602737A86D00A3D19D /* gimpolitan-clean-submission-expertTests.xctest */,
				03A8296A2737A86D00A3D19D /* gimpolitan-clean-submission-expertUITests.xctest */,
			);
			name = Products;
			sourceTree = "<group>";
		};
		03A8294C2737A86C00A3D19D /* gimpolitan-clean-submission-expert */ = {
			isa = PBXGroup;
			children = (
				03D6A9D72737F534002EAE68 /* Supporting Files */,
				03D6A9D22737F4D3002EAE68 /* Module */,
				03D6A9CD2737F497002EAE68 /* Core */,
				03D6A9CC2737F48E002EAE68 /* App */,
			);
			path = "gimpolitan-clean-submission-expert";
			sourceTree = "<group>";
		};
		03A829632737A86D00A3D19D /* gimpolitan-clean-submission-expertTests */ = {
			isa = PBXGroup;
			children = (
				03A829642737A86D00A3D19D /* gimpolitan_clean_submission_expertTests.swift */,
			);
			path = "gimpolitan-clean-submission-expertTests";
			sourceTree = "<group>";
		};
		03A8296D2737A86D00A3D19D /* gimpolitan-clean-submission-expertUITests */ = {
			isa = PBXGroup;
			children = (
				03A8296E2737A86D00A3D19D /* gimpolitan_clean_submission_expertUITests.swift */,
				03A829702737A86D00A3D19D /* gimpolitan_clean_submission_expertUITestsLaunchTests.swift */,
			);
			path = "gimpolitan-clean-submission-expertUITests";
			sourceTree = "<group>";
		};
		03BA8FAD273EC0F1004461DA /* DetailGame */ = {
			isa = PBXGroup;
			children = (
				03BA8FAE273EC106004461DA /* View */,
			);
			path = DetailGame;
			sourceTree = "<group>";
		};
		03BA8FAE273EC106004461DA /* View */ = {
			isa = PBXGroup;
			children = (
				03BA8FAF273EC12D004461DA /* GameDetailViewController.swift */,
				03BA8FB0273EC12D004461DA /* GameDetailViewController.xib */,
			);
			path = View;
			sourceTree = "<group>";
		};
		03C02814273F52C500566F92 /* Profile */ = {
			isa = PBXGroup;
			children = (
				03C02815273F52FE00566F92 /* ProfileViewController.swift */,
				03C02816273F52FE00566F92 /* ProfileViewController.xib */,
				03C02819273F58C200566F92 /* EditProfileViewController.swift */,
				03C0281A273F58C200566F92 /* EditProfileViewController.xib */,
			);
			path = Profile;
			sourceTree = "<group>";
		};
		03CBCB302740BA7D0056A685 /* Favorite */ = {
			isa = PBXGroup;
			children = (
				03CBCB3D2740FAFC0056A685 /* Router */,
				03CBCB322740BA9E0056A685 /* View */,
			);
			path = Favorite;
			sourceTree = "<group>";
		};
		03CBCB322740BA9E0056A685 /* View */ = {
			isa = PBXGroup;
			children = (
				03CBCB372740BC4E0056A685 /* FavoriteTableViewController.swift */,
				03CBCB382740BC4E0056A685 /* FavoriteTableViewController.xib */,
			);
			path = View;
			sourceTree = "<group>";
		};
		03CBCB3D2740FAFC0056A685 /* Router */ = {
			isa = PBXGroup;
			children = (
				03CBCB3B2740C3B00056A685 /* FavoriteRouter.swift */,
			);
			path = Router;
			sourceTree = "<group>";
		};
		03CBEEC327396FAB00706069 /* TabBar */ = {
			isa = PBXGroup;
			children = (
				03CBEEC427396FD400706069 /* TabBarController.swift */,
			);
			path = TabBar;
			sourceTree = "<group>";
		};
		03D6A9CC2737F48E002EAE68 /* App */ = {
			isa = PBXGroup;
			children = (
				03A8294D2737A86C00A3D19D /* AppDelegate.swift */,
				03A8294F2737A86C00A3D19D /* SceneDelegate.swift */,
			);
			path = App;
			sourceTree = "<group>";
		};
		03D6A9CD2737F497002EAE68 /* Core */ = {
			isa = PBXGroup;
			children = (
				0376F9D2274A821200007EC5 /* DI */,
			);
			path = Core;
			sourceTree = "<group>";
		};
		03D6A9D22737F4D3002EAE68 /* Module */ = {
			isa = PBXGroup;
			children = (
				03CBEEC327396FAB00706069 /* TabBar */,
				03D6A9D32737F4D9002EAE68 /* Game */,
				03CBCB302740BA7D0056A685 /* Favorite */,
				03BA8FAD273EC0F1004461DA /* DetailGame */,
				03C02814273F52C500566F92 /* Profile */,
			);
			path = Module;
			sourceTree = "<group>";
		};
		03D6A9D32737F4D9002EAE68 /* Game */ = {
			isa = PBXGroup;
			children = (
				03D6A9D62737F4F4002EAE68 /* Router */,
				03D6A9D52737F4EE002EAE68 /* View */,
			);
			path = Game;
			sourceTree = "<group>";
		};
		03D6A9D52737F4EE002EAE68 /* View */ = {
			isa = PBXGroup;
			children = (
				03CBEEC62739701700706069 /* GameTableViewController.swift */,
				03CBEEC72739701700706069 /* GameTableViewController.xib */,
				03CBEECA2739704100706069 /* GameTableViewCell.swift */,
				03CBEECB2739704100706069 /* GameTableViewCell.xib */,
			);
			path = View;
			sourceTree = "<group>";
		};
		03D6A9D62737F4F4002EAE68 /* Router */ = {
			isa = PBXGroup;
			children = (
				03D6A9F527381AEE002EAE68 /* GameRouter.swift */,
			);
			path = Router;
			sourceTree = "<group>";
		};
		03D6A9D72737F534002EAE68 /* Supporting Files */ = {
			isa = PBXGroup;
			children = (
				03A829532737A86C00A3D19D /* Main.storyboard */,
				03A829562737A86D00A3D19D /* Assets.xcassets */,
				03A829582737A86D00A3D19D /* LaunchScreen.storyboard */,
				03A8295B2737A86D00A3D19D /* Info.plist */,
			);
			path = "Supporting Files";
			sourceTree = "<group>";
		};
		BCDA5BD59AD62C93FFDFBBF4 /* Pods */ = {
			isa = PBXGroup;
			children = (
				C3D78E4E41443FBD6E6E7E40 /* Pods-gimpolitan-clean-submission-expert.debug.xcconfig */,
				4A8F364649FD9137AA7191C9 /* Pods-gimpolitan-clean-submission-expert.release.xcconfig */,
				8EB7849EB0D9A2D4BF515F82 /* Pods-gimpolitan-clean-submission-expert-gimpolitan-clean-submission-expertUITests.debug.xcconfig */,
				24DCA9FD857DDD5908A2EA73 /* Pods-gimpolitan-clean-submission-expert-gimpolitan-clean-submission-expertUITests.release.xcconfig */,
				8F3CC3BCA2B7B6F2CBE40BAB /* Pods-gimpolitan-clean-submission-expertTests.debug.xcconfig */,
				FC648A27D58ED0482DCC5195 /* Pods-gimpolitan-clean-submission-expertTests.release.xcconfig */,
			);
			path = Pods;
			sourceTree = "<group>";
		};
		D796DCE43AFBC0551898CFF3 /* Frameworks */ = {
			isa = PBXGroup;
			children = (
				034B1F44274902C5003C7C48 /* Core.framework */,
				034B1F40274902BC003C7C48 /* Favorite.framework */,
				03FBB55A2748F3A90081E545 /* Game.framework */,
				1382004D166EB09F89C0CA1F /* Pods_gimpolitan_clean_submission_expert.framework */,
				BAFFEB9EB0540F2B919CFD63 /* Pods_gimpolitan_clean_submission_expert_gimpolitan_clean_submission_expertUITests.framework */,
				7E081A5AA960C2067DC11FF0 /* Pods_gimpolitan_clean_submission_expertTests.framework */,
			);
			name = Frameworks;
			sourceTree = "<group>";
		};
/* End PBXGroup section */

/* Begin PBXNativeTarget section */
		03A829492737A86C00A3D19D /* gimpolitan-clean-submission-expert */ = {
			isa = PBXNativeTarget;
			buildConfigurationList = 03A829742737A86D00A3D19D /* Build configuration list for PBXNativeTarget "gimpolitan-clean-submission-expert" */;
			buildPhases = (
				49F779CF3D72226D608BAA52 /* [CP] Check Pods Manifest.lock */,
				03A829462737A86C00A3D19D /* Sources */,
				03A829472737A86C00A3D19D /* Frameworks */,
				03A829482737A86C00A3D19D /* Resources */,
				03D6A9EE273801B5002EAE68 /* ShellScript */,
				5955EC7B6072C918AA8C347C /* [CP] Embed Pods Frameworks */,
				034B1F43274902BC003C7C48 /* Embed Frameworks */,
			);
			buildRules = (
			);
			dependencies = (
			);
			name = "gimpolitan-clean-submission-expert";
			productName = "gimpolitan-clean-submission-expert";
			productReference = 03A8294A2737A86C00A3D19D /* gimpolitan-clean-submission-expert.app */;
			productType = "com.apple.product-type.application";
		};
		03A8295F2737A86D00A3D19D /* gimpolitan-clean-submission-expertTests */ = {
			isa = PBXNativeTarget;
			buildConfigurationList = 03A829772737A86D00A3D19D /* Build configuration list for PBXNativeTarget "gimpolitan-clean-submission-expertTests" */;
			buildPhases = (
				A8B43B432C47E0D1ADFE68EF /* [CP] Check Pods Manifest.lock */,
				03A8295C2737A86D00A3D19D /* Sources */,
				03A8295D2737A86D00A3D19D /* Frameworks */,
				03A8295E2737A86D00A3D19D /* Resources */,
			);
			buildRules = (
			);
			dependencies = (
				03A829622737A86D00A3D19D /* PBXTargetDependency */,
			);
			name = "gimpolitan-clean-submission-expertTests";
			productName = "gimpolitan-clean-submission-expertTests";
			productReference = 03A829602737A86D00A3D19D /* gimpolitan-clean-submission-expertTests.xctest */;
			productType = "com.apple.product-type.bundle.unit-test";
		};
		03A829692737A86D00A3D19D /* gimpolitan-clean-submission-expertUITests */ = {
			isa = PBXNativeTarget;
			buildConfigurationList = 03A8297A2737A86D00A3D19D /* Build configuration list for PBXNativeTarget "gimpolitan-clean-submission-expertUITests" */;
			buildPhases = (
				B80A45D8EFEBA19F2BCADB58 /* [CP] Check Pods Manifest.lock */,
				03A829662737A86D00A3D19D /* Sources */,
				03A829672737A86D00A3D19D /* Frameworks */,
				03A829682737A86D00A3D19D /* Resources */,
				B6075068946FCECDE957C603 /* [CP] Embed Pods Frameworks */,
			);
			buildRules = (
			);
			dependencies = (
				03A8296C2737A86D00A3D19D /* PBXTargetDependency */,
			);
			name = "gimpolitan-clean-submission-expertUITests";
			productName = "gimpolitan-clean-submission-expertUITests";
			productReference = 03A8296A2737A86D00A3D19D /* gimpolitan-clean-submission-expertUITests.xctest */;
			productType = "com.apple.product-type.bundle.ui-testing";
		};
/* End PBXNativeTarget section */

/* Begin PBXProject section */
		03A829422737A86C00A3D19D /* Project object */ = {
			isa = PBXProject;
			attributes = {
				BuildIndependentTargetsInParallel = 1;
				LastSwiftUpdateCheck = 1310;
				LastUpgradeCheck = 1310;
				TargetAttributes = {
					03A829492737A86C00A3D19D = {
						CreatedOnToolsVersion = 13.1;
					};
					03A8295F2737A86D00A3D19D = {
						CreatedOnToolsVersion = 13.1;
						TestTargetID = 03A829492737A86C00A3D19D;
					};
					03A829692737A86D00A3D19D = {
						CreatedOnToolsVersion = 13.1;
						TestTargetID = 03A829492737A86C00A3D19D;
					};
				};
			};
			buildConfigurationList = 03A829452737A86C00A3D19D /* Build configuration list for PBXProject "gimpolitan-clean-submission-expert" */;
			compatibilityVersion = "Xcode 13.0";
			developmentRegion = en;
			hasScannedForEncodings = 0;
			knownRegions = (
				en,
				Base,
				id,
			);
			mainGroup = 03A829412737A86C00A3D19D;
			productRefGroup = 03A8294B2737A86C00A3D19D /* Products */;
			projectDirPath = "";
			projectRoot = "";
			targets = (
				03A829492737A86C00A3D19D /* gimpolitan-clean-submission-expert */,
				03A8295F2737A86D00A3D19D /* gimpolitan-clean-submission-expertTests */,
				03A829692737A86D00A3D19D /* gimpolitan-clean-submission-expertUITests */,
			);
		};
/* End PBXProject section */

/* Begin PBXResourcesBuildPhase section */
		03A829482737A86C00A3D19D /* Resources */ = {
			isa = PBXResourcesBuildPhase;
			buildActionMask = 2147483647;
			files = (
				03C02818273F52FE00566F92 /* ProfileViewController.xib in Resources */,
				03A8295A2737A86D00A3D19D /* LaunchScreen.storyboard in Resources */,
				03CBCB3A2740BC4E0056A685 /* FavoriteTableViewController.xib in Resources */,
				03BA8FB2273EC12D004461DA /* GameDetailViewController.xib in Resources */,
				03CBEECD2739704100706069 /* GameTableViewCell.xib in Resources */,
				03C0281C273F58C200566F92 /* EditProfileViewController.xib in Resources */,
				03CBEEC92739701700706069 /* GameTableViewController.xib in Resources */,
				03A829572737A86D00A3D19D /* Assets.xcassets in Resources */,
				03A829552737A86C00A3D19D /* Main.storyboard in Resources */,
			);
			runOnlyForDeploymentPostprocessing = 0;
		};
		03A8295E2737A86D00A3D19D /* Resources */ = {
			isa = PBXResourcesBuildPhase;
			buildActionMask = 2147483647;
			files = (
			);
			runOnlyForDeploymentPostprocessing = 0;
		};
		03A829682737A86D00A3D19D /* Resources */ = {
			isa = PBXResourcesBuildPhase;
			buildActionMask = 2147483647;
			files = (
			);
			runOnlyForDeploymentPostprocessing = 0;
		};
/* End PBXResourcesBuildPhase section */

/* Begin PBXShellScriptBuildPhase section */
		03D6A9EE273801B5002EAE68 /* ShellScript */ = {
			isa = PBXShellScriptBuildPhase;
			buildActionMask = 2147483647;
			files = (
			);
			inputFileListPaths = (
			);
			inputPaths = (
			);
			outputFileListPaths = (
			);
			outputPaths = (
			);
			runOnlyForDeploymentPostprocessing = 0;
			shellPath = /bin/sh;
			shellScript = "\"${PODS_ROOT}/SwiftLint/swiftlint\"\n";
		};
		49F779CF3D72226D608BAA52 /* [CP] Check Pods Manifest.lock */ = {
			isa = PBXShellScriptBuildPhase;
			buildActionMask = 2147483647;
			files = (
			);
			inputFileListPaths = (
			);
			inputPaths = (
				"${PODS_PODFILE_DIR_PATH}/Podfile.lock",
				"${PODS_ROOT}/Manifest.lock",
			);
			name = "[CP] Check Pods Manifest.lock";
			outputFileListPaths = (
			);
			outputPaths = (
				"$(DERIVED_FILE_DIR)/Pods-gimpolitan-clean-submission-expert-checkManifestLockResult.txt",
			);
			runOnlyForDeploymentPostprocessing = 0;
			shellPath = /bin/sh;
			shellScript = "diff \"${PODS_PODFILE_DIR_PATH}/Podfile.lock\" \"${PODS_ROOT}/Manifest.lock\" > /dev/null\nif [ $? != 0 ] ; then\n    # print error to STDERR\n    echo \"error: The sandbox is not in sync with the Podfile.lock. Run 'pod install' or update your CocoaPods installation.\" >&2\n    exit 1\nfi\n# This output is used by Xcode 'outputs' to avoid re-running this script phase.\necho \"SUCCESS\" > \"${SCRIPT_OUTPUT_FILE_0}\"\n";
			showEnvVarsInLog = 0;
		};
		5955EC7B6072C918AA8C347C /* [CP] Embed Pods Frameworks */ = {
			isa = PBXShellScriptBuildPhase;
			buildActionMask = 2147483647;
			files = (
			);
			inputFileListPaths = (
				"${PODS_ROOT}/Target Support Files/Pods-gimpolitan-clean-submission-expert/Pods-gimpolitan-clean-submission-expert-frameworks-${CONFIGURATION}-input-files.xcfilelist",
			);
			name = "[CP] Embed Pods Frameworks";
			outputFileListPaths = (
				"${PODS_ROOT}/Target Support Files/Pods-gimpolitan-clean-submission-expert/Pods-gimpolitan-clean-submission-expert-frameworks-${CONFIGURATION}-output-files.xcfilelist",
			);
			runOnlyForDeploymentPostprocessing = 0;
			shellPath = /bin/sh;
			shellScript = "\"${PODS_ROOT}/Target Support Files/Pods-gimpolitan-clean-submission-expert/Pods-gimpolitan-clean-submission-expert-frameworks.sh\"\n";
			showEnvVarsInLog = 0;
		};
		A8B43B432C47E0D1ADFE68EF /* [CP] Check Pods Manifest.lock */ = {
			isa = PBXShellScriptBuildPhase;
			buildActionMask = 2147483647;
			files = (
			);
			inputFileListPaths = (
			);
			inputPaths = (
				"${PODS_PODFILE_DIR_PATH}/Podfile.lock",
				"${PODS_ROOT}/Manifest.lock",
			);
			name = "[CP] Check Pods Manifest.lock";
			outputFileListPaths = (
			);
			outputPaths = (
				"$(DERIVED_FILE_DIR)/Pods-gimpolitan-clean-submission-expertTests-checkManifestLockResult.txt",
			);
			runOnlyForDeploymentPostprocessing = 0;
			shellPath = /bin/sh;
			shellScript = "diff \"${PODS_PODFILE_DIR_PATH}/Podfile.lock\" \"${PODS_ROOT}/Manifest.lock\" > /dev/null\nif [ $? != 0 ] ; then\n    # print error to STDERR\n    echo \"error: The sandbox is not in sync with the Podfile.lock. Run 'pod install' or update your CocoaPods installation.\" >&2\n    exit 1\nfi\n# This output is used by Xcode 'outputs' to avoid re-running this script phase.\necho \"SUCCESS\" > \"${SCRIPT_OUTPUT_FILE_0}\"\n";
			showEnvVarsInLog = 0;
		};
		B6075068946FCECDE957C603 /* [CP] Embed Pods Frameworks */ = {
			isa = PBXShellScriptBuildPhase;
			buildActionMask = 2147483647;
			files = (
			);
			inputFileListPaths = (
				"${PODS_ROOT}/Target Support Files/Pods-gimpolitan-clean-submission-expert-gimpolitan-clean-submission-expertUITests/Pods-gimpolitan-clean-submission-expert-gimpolitan-clean-submission-expertUITests-frameworks-${CONFIGURATION}-input-files.xcfilelist",
			);
			name = "[CP] Embed Pods Frameworks";
			outputFileListPaths = (
				"${PODS_ROOT}/Target Support Files/Pods-gimpolitan-clean-submission-expert-gimpolitan-clean-submission-expertUITests/Pods-gimpolitan-clean-submission-expert-gimpolitan-clean-submission-expertUITests-frameworks-${CONFIGURATION}-output-files.xcfilelist",
			);
			runOnlyForDeploymentPostprocessing = 0;
			shellPath = /bin/sh;
			shellScript = "\"${PODS_ROOT}/Target Support Files/Pods-gimpolitan-clean-submission-expert-gimpolitan-clean-submission-expertUITests/Pods-gimpolitan-clean-submission-expert-gimpolitan-clean-submission-expertUITests-frameworks.sh\"\n";
			showEnvVarsInLog = 0;
		};
		B80A45D8EFEBA19F2BCADB58 /* [CP] Check Pods Manifest.lock */ = {
			isa = PBXShellScriptBuildPhase;
			buildActionMask = 2147483647;
			files = (
			);
			inputFileListPaths = (
			);
			inputPaths = (
				"${PODS_PODFILE_DIR_PATH}/Podfile.lock",
				"${PODS_ROOT}/Manifest.lock",
			);
			name = "[CP] Check Pods Manifest.lock";
			outputFileListPaths = (
			);
			outputPaths = (
				"$(DERIVED_FILE_DIR)/Pods-gimpolitan-clean-submission-expert-gimpolitan-clean-submission-expertUITests-checkManifestLockResult.txt",
			);
			runOnlyForDeploymentPostprocessing = 0;
			shellPath = /bin/sh;
			shellScript = "diff \"${PODS_PODFILE_DIR_PATH}/Podfile.lock\" \"${PODS_ROOT}/Manifest.lock\" > /dev/null\nif [ $? != 0 ] ; then\n    # print error to STDERR\n    echo \"error: The sandbox is not in sync with the Podfile.lock. Run 'pod install' or update your CocoaPods installation.\" >&2\n    exit 1\nfi\n# This output is used by Xcode 'outputs' to avoid re-running this script phase.\necho \"SUCCESS\" > \"${SCRIPT_OUTPUT_FILE_0}\"\n";
			showEnvVarsInLog = 0;
		};
/* End PBXShellScriptBuildPhase section */

/* Begin PBXSourcesBuildPhase section */
		03A829462737A86C00A3D19D /* Sources */ = {
			isa = PBXSourcesBuildPhase;
			buildActionMask = 2147483647;
			files = (
				03C0281B273F58C200566F92 /* EditProfileViewController.swift in Sources */,
				03CBEEC82739701700706069 /* GameTableViewController.swift in Sources */,
				03CBEEC527396FD400706069 /* TabBarController.swift in Sources */,
				03A8294E2737A86C00A3D19D /* AppDelegate.swift in Sources */,
				03CBEECC2739704100706069 /* GameTableViewCell.swift in Sources */,
				03CBCB392740BC4E0056A685 /* FavoriteTableViewController.swift in Sources */,
				03D6A9F627381AEE002EAE68 /* GameRouter.swift in Sources */,
				03C02817273F52FE00566F92 /* ProfileViewController.swift in Sources */,
				03BA8FB1273EC12D004461DA /* GameDetailViewController.swift in Sources */,
				03CBCB3C2740C3B00056A685 /* FavoriteRouter.swift in Sources */,
				0376F9D4274A822900007EC5 /* Injection.swift in Sources */,
				03A829502737A86C00A3D19D /* SceneDelegate.swift in Sources */,
			);
			runOnlyForDeploymentPostprocessing = 0;
		};
		03A8295C2737A86D00A3D19D /* Sources */ = {
			isa = PBXSourcesBuildPhase;
			buildActionMask = 2147483647;
			files = (
				03A829652737A86D00A3D19D /* gimpolitan_clean_submission_expertTests.swift in Sources */,
			);
			runOnlyForDeploymentPostprocessing = 0;
		};
		03A829662737A86D00A3D19D /* Sources */ = {
			isa = PBXSourcesBuildPhase;
			buildActionMask = 2147483647;
			files = (
				03A829712737A86D00A3D19D /* gimpolitan_clean_submission_expertUITestsLaunchTests.swift in Sources */,
				03A8296F2737A86D00A3D19D /* gimpolitan_clean_submission_expertUITests.swift in Sources */,
			);
			runOnlyForDeploymentPostprocessing = 0;
		};
/* End PBXSourcesBuildPhase section */

/* Begin PBXTargetDependency section */
		03A829622737A86D00A3D19D /* PBXTargetDependency */ = {
			isa = PBXTargetDependency;
			target = 03A829492737A86C00A3D19D /* gimpolitan-clean-submission-expert */;
			targetProxy = 03A829612737A86D00A3D19D /* PBXContainerItemProxy */;
		};
		03A8296C2737A86D00A3D19D /* PBXTargetDependency */ = {
			isa = PBXTargetDependency;
			target = 03A829492737A86C00A3D19D /* gimpolitan-clean-submission-expert */;
			targetProxy = 03A8296B2737A86D00A3D19D /* PBXContainerItemProxy */;
		};
/* End PBXTargetDependency section */

/* Begin PBXVariantGroup section */
		03A829532737A86C00A3D19D /* Main.storyboard */ = {
			isa = PBXVariantGroup;
			children = (
				03A829542737A86C00A3D19D /* Base */,
				03CD404A275678B400BB56A3 /* id */,
			);
			name = Main.storyboard;
			sourceTree = "<group>";
		};
		03A829582737A86D00A3D19D /* LaunchScreen.storyboard */ = {
			isa = PBXVariantGroup;
			children = (
				03A829592737A86D00A3D19D /* Base */,
				03CD404B275678B400BB56A3 /* id */,
			);
			name = LaunchScreen.storyboard;
			sourceTree = "<group>";
		};
/* End PBXVariantGroup section */

/* Begin XCBuildConfiguration section */
		03A829722737A86D00A3D19D /* Debug */ = {
			isa = XCBuildConfiguration;
			buildSettings = {
				ALWAYS_SEARCH_USER_PATHS = NO;
				CLANG_ANALYZER_LOCALIZABILITY_NONLOCALIZED = YES;
				CLANG_ANALYZER_NONNULL = YES;
				CLANG_ANALYZER_NUMBER_OBJECT_CONVERSION = YES_AGGRESSIVE;
				CLANG_CXX_LANGUAGE_STANDARD = "gnu++17";
				CLANG_CXX_LIBRARY = "libc++";
				CLANG_ENABLE_MODULES = YES;
				CLANG_ENABLE_OBJC_ARC = YES;
				CLANG_ENABLE_OBJC_WEAK = YES;
				CLANG_WARN_BLOCK_CAPTURE_AUTORELEASING = YES;
				CLANG_WARN_BOOL_CONVERSION = YES;
				CLANG_WARN_COMMA = YES;
				CLANG_WARN_CONSTANT_CONVERSION = YES;
				CLANG_WARN_DEPRECATED_OBJC_IMPLEMENTATIONS = YES;
				CLANG_WARN_DIRECT_OBJC_ISA_USAGE = YES_ERROR;
				CLANG_WARN_DOCUMENTATION_COMMENTS = YES;
				CLANG_WARN_EMPTY_BODY = YES;
				CLANG_WARN_ENUM_CONVERSION = YES;
				CLANG_WARN_INFINITE_RECURSION = YES;
				CLANG_WARN_INT_CONVERSION = YES;
				CLANG_WARN_NON_LITERAL_NULL_CONVERSION = YES;
				CLANG_WARN_OBJC_IMPLICIT_RETAIN_SELF = YES;
				CLANG_WARN_OBJC_LITERAL_CONVERSION = YES;
				CLANG_WARN_OBJC_ROOT_CLASS = YES_ERROR;
				CLANG_WARN_QUOTED_INCLUDE_IN_FRAMEWORK_HEADER = YES;
				CLANG_WARN_RANGE_LOOP_ANALYSIS = YES;
				CLANG_WARN_STRICT_PROTOTYPES = YES;
				CLANG_WARN_SUSPICIOUS_MOVE = YES;
				CLANG_WARN_UNGUARDED_AVAILABILITY = YES_AGGRESSIVE;
				CLANG_WARN_UNREACHABLE_CODE = YES;
				CLANG_WARN__DUPLICATE_METHOD_MATCH = YES;
				COPY_PHASE_STRIP = NO;
				DEBUG_INFORMATION_FORMAT = dwarf;
				ENABLE_STRICT_OBJC_MSGSEND = YES;
				ENABLE_TESTABILITY = YES;
				GCC_C_LANGUAGE_STANDARD = gnu11;
				GCC_DYNAMIC_NO_PIC = NO;
				GCC_NO_COMMON_BLOCKS = YES;
				GCC_OPTIMIZATION_LEVEL = 0;
				GCC_PREPROCESSOR_DEFINITIONS = (
					"DEBUG=1",
					"$(inherited)",
				);
				GCC_WARN_64_TO_32_BIT_CONVERSION = YES;
				GCC_WARN_ABOUT_RETURN_TYPE = YES_ERROR;
				GCC_WARN_UNDECLARED_SELECTOR = YES;
				GCC_WARN_UNINITIALIZED_AUTOS = YES_AGGRESSIVE;
				GCC_WARN_UNUSED_FUNCTION = YES;
				GCC_WARN_UNUSED_VARIABLE = YES;
				IPHONEOS_DEPLOYMENT_TARGET = 15.0;
				MTL_ENABLE_DEBUG_INFO = INCLUDE_SOURCE;
				MTL_FAST_MATH = YES;
				ONLY_ACTIVE_ARCH = YES;
				SDKROOT = iphoneos;
				SWIFT_ACTIVE_COMPILATION_CONDITIONS = DEBUG;
				SWIFT_OPTIMIZATION_LEVEL = "-Onone";
			};
			name = Debug;
		};
		03A829732737A86D00A3D19D /* Release */ = {
			isa = XCBuildConfiguration;
			buildSettings = {
				ALWAYS_SEARCH_USER_PATHS = NO;
				CLANG_ANALYZER_LOCALIZABILITY_NONLOCALIZED = YES;
				CLANG_ANALYZER_NONNULL = YES;
				CLANG_ANALYZER_NUMBER_OBJECT_CONVERSION = YES_AGGRESSIVE;
				CLANG_CXX_LANGUAGE_STANDARD = "gnu++17";
				CLANG_CXX_LIBRARY = "libc++";
				CLANG_ENABLE_MODULES = YES;
				CLANG_ENABLE_OBJC_ARC = YES;
				CLANG_ENABLE_OBJC_WEAK = YES;
				CLANG_WARN_BLOCK_CAPTURE_AUTORELEASING = YES;
				CLANG_WARN_BOOL_CONVERSION = YES;
				CLANG_WARN_COMMA = YES;
				CLANG_WARN_CONSTANT_CONVERSION = YES;
				CLANG_WARN_DEPRECATED_OBJC_IMPLEMENTATIONS = YES;
				CLANG_WARN_DIRECT_OBJC_ISA_USAGE = YES_ERROR;
				CLANG_WARN_DOCUMENTATION_COMMENTS = YES;
				CLANG_WARN_EMPTY_BODY = YES;
				CLANG_WARN_ENUM_CONVERSION = YES;
				CLANG_WARN_INFINITE_RECURSION = YES;
				CLANG_WARN_INT_CONVERSION = YES;
				CLANG_WARN_NON_LITERAL_NULL_CONVERSION = YES;
				CLANG_WARN_OBJC_IMPLICIT_RETAIN_SELF = YES;
				CLANG_WARN_OBJC_LITERAL_CONVERSION = YES;
				CLANG_WARN_OBJC_ROOT_CLASS = YES_ERROR;
				CLANG_WARN_QUOTED_INCLUDE_IN_FRAMEWORK_HEADER = YES;
				CLANG_WARN_RANGE_LOOP_ANALYSIS = YES;
				CLANG_WARN_STRICT_PROTOTYPES = YES;
				CLANG_WARN_SUSPICIOUS_MOVE = YES;
				CLANG_WARN_UNGUARDED_AVAILABILITY = YES_AGGRESSIVE;
				CLANG_WARN_UNREACHABLE_CODE = YES;
				CLANG_WARN__DUPLICATE_METHOD_MATCH = YES;
				COPY_PHASE_STRIP = NO;
				DEBUG_INFORMATION_FORMAT = "dwarf-with-dsym";
				ENABLE_NS_ASSERTIONS = NO;
				ENABLE_STRICT_OBJC_MSGSEND = YES;
				GCC_C_LANGUAGE_STANDARD = gnu11;
				GCC_NO_COMMON_BLOCKS = YES;
				GCC_WARN_64_TO_32_BIT_CONVERSION = YES;
				GCC_WARN_ABOUT_RETURN_TYPE = YES_ERROR;
				GCC_WARN_UNDECLARED_SELECTOR = YES;
				GCC_WARN_UNINITIALIZED_AUTOS = YES_AGGRESSIVE;
				GCC_WARN_UNUSED_FUNCTION = YES;
				GCC_WARN_UNUSED_VARIABLE = YES;
				IPHONEOS_DEPLOYMENT_TARGET = 15.0;
				MTL_ENABLE_DEBUG_INFO = NO;
				MTL_FAST_MATH = YES;
				SDKROOT = iphoneos;
				SWIFT_COMPILATION_MODE = wholemodule;
				SWIFT_OPTIMIZATION_LEVEL = "-O";
				VALIDATE_PRODUCT = YES;
			};
			name = Release;
		};
		03A829752737A86D00A3D19D /* Debug */ = {
			isa = XCBuildConfiguration;
			baseConfigurationReference = C3D78E4E41443FBD6E6E7E40 /* Pods-gimpolitan-clean-submission-expert.debug.xcconfig */;
			buildSettings = {
				ASSETCATALOG_COMPILER_APPICON_NAME = AppIcon;
				ASSETCATALOG_COMPILER_GLOBAL_ACCENT_COLOR_NAME = AccentColor;
				CODE_SIGN_STYLE = Automatic;
				CURRENT_PROJECT_VERSION = 1;
				DEVELOPMENT_TEAM = 846H8ZXGL8;
				GENERATE_INFOPLIST_FILE = YES;
				INFOPLIST_FILE = "gimpolitan-clean-submission-expert/Supporting Files/Info.plist";
				INFOPLIST_KEY_UIApplicationSupportsIndirectInputEvents = YES;
				INFOPLIST_KEY_UILaunchStoryboardName = LaunchScreen;
				INFOPLIST_KEY_UIMainStoryboardFile = Main;
				INFOPLIST_KEY_UISupportedInterfaceOrientations_iPad = "UIInterfaceOrientationPortrait UIInterfaceOrientationPortraitUpsideDown UIInterfaceOrientationLandscapeLeft UIInterfaceOrientationLandscapeRight";
				INFOPLIST_KEY_UISupportedInterfaceOrientations_iPhone = "UIInterfaceOrientationPortrait UIInterfaceOrientationLandscapeLeft UIInterfaceOrientationLandscapeRight";
				LD_RUNPATH_SEARCH_PATHS = (
					"$(inherited)",
					"@executable_path/Frameworks",
				);
				MARKETING_VERSION = 1.0;
				PRODUCT_BUNDLE_IDENTIFIER = "com.galangaji.gimpolitan-clean-submission-expert";
				PRODUCT_NAME = "$(TARGET_NAME)";
				SWIFT_EMIT_LOC_STRINGS = YES;
				SWIFT_VERSION = 5.0;
				TARGETED_DEVICE_FAMILY = "1,2";
			};
			name = Debug;
		};
		03A829762737A86D00A3D19D /* Release */ = {
			isa = XCBuildConfiguration;
			baseConfigurationReference = 4A8F364649FD9137AA7191C9 /* Pods-gimpolitan-clean-submission-expert.release.xcconfig */;
			buildSettings = {
				ASSETCATALOG_COMPILER_APPICON_NAME = AppIcon;
				ASSETCATALOG_COMPILER_GLOBAL_ACCENT_COLOR_NAME = AccentColor;
				CODE_SIGN_STYLE = Automatic;
				CURRENT_PROJECT_VERSION = 1;
				DEVELOPMENT_TEAM = 846H8ZXGL8;
				GENERATE_INFOPLIST_FILE = YES;
				INFOPLIST_FILE = "gimpolitan-clean-submission-expert/Supporting Files/Info.plist";
				INFOPLIST_KEY_UIApplicationSupportsIndirectInputEvents = YES;
				INFOPLIST_KEY_UILaunchStoryboardName = LaunchScreen;
				INFOPLIST_KEY_UIMainStoryboardFile = Main;
				INFOPLIST_KEY_UISupportedInterfaceOrientations_iPad = "UIInterfaceOrientationPortrait UIInterfaceOrientationPortraitUpsideDown UIInterfaceOrientationLandscapeLeft UIInterfaceOrientationLandscapeRight";
				INFOPLIST_KEY_UISupportedInterfaceOrientations_iPhone = "UIInterfaceOrientationPortrait UIInterfaceOrientationLandscapeLeft UIInterfaceOrientationLandscapeRight";
				LD_RUNPATH_SEARCH_PATHS = (
					"$(inherited)",
					"@executable_path/Frameworks",
				);
				MARKETING_VERSION = 1.0;
				PRODUCT_BUNDLE_IDENTIFIER = "com.galangaji.gimpolitan-clean-submission-expert";
				PRODUCT_NAME = "$(TARGET_NAME)";
				SWIFT_EMIT_LOC_STRINGS = YES;
				SWIFT_VERSION = 5.0;
				TARGETED_DEVICE_FAMILY = "1,2";
			};
			name = Release;
		};
		03A829782737A86D00A3D19D /* Debug */ = {
			isa = XCBuildConfiguration;
			baseConfigurationReference = 8F3CC3BCA2B7B6F2CBE40BAB /* Pods-gimpolitan-clean-submission-expertTests.debug.xcconfig */;
			buildSettings = {
				ALWAYS_EMBED_SWIFT_STANDARD_LIBRARIES = YES;
				BUNDLE_LOADER = "$(TEST_HOST)";
				CODE_SIGN_STYLE = Automatic;
				CURRENT_PROJECT_VERSION = 1;
				DEVELOPMENT_TEAM = 846H8ZXGL8;
				GENERATE_INFOPLIST_FILE = YES;
				IPHONEOS_DEPLOYMENT_TARGET = 15.0;
				LD_RUNPATH_SEARCH_PATHS = (
					"$(inherited)",
					"@executable_path/Frameworks",
					"@loader_path/Frameworks",
				);
				MARKETING_VERSION = 1.0;
				PRODUCT_BUNDLE_IDENTIFIER = "com.galangaji.gimpolitan-clean-submission-expertTests";
				PRODUCT_NAME = "$(TARGET_NAME)";
				SWIFT_EMIT_LOC_STRINGS = NO;
				SWIFT_VERSION = 5.0;
				TARGETED_DEVICE_FAMILY = "1,2";
				TEST_HOST = "$(BUILT_PRODUCTS_DIR)/gimpolitan-clean-submission-expert.app/gimpolitan-clean-submission-expert";
			};
			name = Debug;
		};
		03A829792737A86D00A3D19D /* Release */ = {
			isa = XCBuildConfiguration;
			baseConfigurationReference = FC648A27D58ED0482DCC5195 /* Pods-gimpolitan-clean-submission-expertTests.release.xcconfig */;
			buildSettings = {
				ALWAYS_EMBED_SWIFT_STANDARD_LIBRARIES = YES;
				BUNDLE_LOADER = "$(TEST_HOST)";
				CODE_SIGN_STYLE = Automatic;
				CURRENT_PROJECT_VERSION = 1;
				DEVELOPMENT_TEAM = 846H8ZXGL8;
				GENERATE_INFOPLIST_FILE = YES;
				IPHONEOS_DEPLOYMENT_TARGET = 15.0;
				LD_RUNPATH_SEARCH_PATHS = (
					"$(inherited)",
					"@executable_path/Frameworks",
					"@loader_path/Frameworks",
				);
				MARKETING_VERSION = 1.0;
				PRODUCT_BUNDLE_IDENTIFIER = "com.galangaji.gimpolitan-clean-submission-expertTests";
				PRODUCT_NAME = "$(TARGET_NAME)";
				SWIFT_EMIT_LOC_STRINGS = NO;
				SWIFT_VERSION = 5.0;
				TARGETED_DEVICE_FAMILY = "1,2";
				TEST_HOST = "$(BUILT_PRODUCTS_DIR)/gimpolitan-clean-submission-expert.app/gimpolitan-clean-submission-expert";
			};
			name = Release;
		};
		03A8297B2737A86D00A3D19D /* Debug */ = {
			isa = XCBuildConfiguration;
			baseConfigurationReference = 8EB7849EB0D9A2D4BF515F82 /* Pods-gimpolitan-clean-submission-expert-gimpolitan-clean-submission-expertUITests.debug.xcconfig */;
			buildSettings = {
				ALWAYS_EMBED_SWIFT_STANDARD_LIBRARIES = YES;
				CODE_SIGN_STYLE = Automatic;
				CURRENT_PROJECT_VERSION = 1;
				DEVELOPMENT_TEAM = 846H8ZXGL8;
				GENERATE_INFOPLIST_FILE = YES;
				LD_RUNPATH_SEARCH_PATHS = (
					"$(inherited)",
					"@executable_path/Frameworks",
					"@loader_path/Frameworks",
				);
				MARKETING_VERSION = 1.0;
				PRODUCT_BUNDLE_IDENTIFIER = "com.galangaji.gimpolitan-clean-submission-expertUITests";
				PRODUCT_NAME = "$(TARGET_NAME)";
				SWIFT_EMIT_LOC_STRINGS = NO;
				SWIFT_VERSION = 5.0;
				TARGETED_DEVICE_FAMILY = "1,2";
				TEST_TARGET_NAME = "gimpolitan-clean-submission-expert";
			};
			name = Debug;
		};
		03A8297C2737A86D00A3D19D /* Release */ = {
			isa = XCBuildConfiguration;
			baseConfigurationReference = 24DCA9FD857DDD5908A2EA73 /* Pods-gimpolitan-clean-submission-expert-gimpolitan-clean-submission-expertUITests.release.xcconfig */;
			buildSettings = {
				ALWAYS_EMBED_SWIFT_STANDARD_LIBRARIES = YES;
				CODE_SIGN_STYLE = Automatic;
				CURRENT_PROJECT_VERSION = 1;
				DEVELOPMENT_TEAM = 846H8ZXGL8;
				GENERATE_INFOPLIST_FILE = YES;
				LD_RUNPATH_SEARCH_PATHS = (
					"$(inherited)",
					"@executable_path/Frameworks",
					"@loader_path/Frameworks",
				);
				MARKETING_VERSION = 1.0;
				PRODUCT_BUNDLE_IDENTIFIER = "com.galangaji.gimpolitan-clean-submission-expertUITests";
				PRODUCT_NAME = "$(TARGET_NAME)";
				SWIFT_EMIT_LOC_STRINGS = NO;
				SWIFT_VERSION = 5.0;
				TARGETED_DEVICE_FAMILY = "1,2";
				TEST_TARGET_NAME = "gimpolitan-clean-submission-expert";
			};
			name = Release;
		};
/* End XCBuildConfiguration section */

/* Begin XCConfigurationList section */
		03A829452737A86C00A3D19D /* Build configuration list for PBXProject "gimpolitan-clean-submission-expert" */ = {
			isa = XCConfigurationList;
			buildConfigurations = (
				03A829722737A86D00A3D19D /* Debug */,
				03A829732737A86D00A3D19D /* Release */,
			);
			defaultConfigurationIsVisible = 0;
			defaultConfigurationName = Release;
		};
		03A829742737A86D00A3D19D /* Build configuration list for PBXNativeTarget "gimpolitan-clean-submission-expert" */ = {
			isa = XCConfigurationList;
			buildConfigurations = (
				03A829752737A86D00A3D19D /* Debug */,
				03A829762737A86D00A3D19D /* Release */,
			);
			defaultConfigurationIsVisible = 0;
			defaultConfigurationName = Release;
		};
		03A829772737A86D00A3D19D /* Build configuration list for PBXNativeTarget "gimpolitan-clean-submission-expertTests" */ = {
			isa = XCConfigurationList;
			buildConfigurations = (
				03A829782737A86D00A3D19D /* Debug */,
				03A829792737A86D00A3D19D /* Release */,
			);
			defaultConfigurationIsVisible = 0;
			defaultConfigurationName = Release;
		};
		03A8297A2737A86D00A3D19D /* Build configuration list for PBXNativeTarget "gimpolitan-clean-submission-expertUITests" */ = {
			isa = XCConfigurationList;
			buildConfigurations = (
				03A8297B2737A86D00A3D19D /* Debug */,
				03A8297C2737A86D00A3D19D /* Release */,
			);
			defaultConfigurationIsVisible = 0;
			defaultConfigurationName = Release;
		};
/* End XCConfigurationList section */
	};
	rootObject = 03A829422737A86C00A3D19D /* Project object */;
}
