// !$*UTF8*$!
{
	archiveVersion = 1;
	classes = {
	};
	objectVersion = 55;
	objects = {

/* Begin PBXBuildFile section */
		03A8294E2737A86C00A3D19D /* AppDelegate.swift in Sources */ = {isa = PBXBuildFile; fileRef = 03A8294D2737A86C00A3D19D /* AppDelegate.swift */; };
		03A829502737A86C00A3D19D /* SceneDelegate.swift in Sources */ = {isa = PBXBuildFile; fileRef = 03A8294F2737A86C00A3D19D /* SceneDelegate.swift */; };
		03A829522737A86C00A3D19D /* ViewController.swift in Sources */ = {isa = PBXBuildFile; fileRef = 03A829512737A86C00A3D19D /* ViewController.swift */; };
		03A829552737A86C00A3D19D /* Main.storyboard in Resources */ = {isa = PBXBuildFile; fileRef = 03A829532737A86C00A3D19D /* Main.storyboard */; };
		03A829572737A86D00A3D19D /* Assets.xcassets in Resources */ = {isa = PBXBuildFile; fileRef = 03A829562737A86D00A3D19D /* Assets.xcassets */; };
		03A8295A2737A86D00A3D19D /* LaunchScreen.storyboard in Resources */ = {isa = PBXBuildFile; fileRef = 03A829582737A86D00A3D19D /* LaunchScreen.storyboard */; };
		03A829652737A86D00A3D19D /* gimpolitan_clean_submission_expertTests.swift in Sources */ = {isa = PBXBuildFile; fileRef = 03A829642737A86D00A3D19D /* gimpolitan_clean_submission_expertTests.swift */; };
		03A8296F2737A86D00A3D19D /* gimpolitan_clean_submission_expertUITests.swift in Sources */ = {isa = PBXBuildFile; fileRef = 03A8296E2737A86D00A3D19D /* gimpolitan_clean_submission_expertUITests.swift */; };
		03A829712737A86D00A3D19D /* gimpolitan_clean_submission_expertUITestsLaunchTests.swift in Sources */ = {isa = PBXBuildFile; fileRef = 03A829702737A86D00A3D19D /* gimpolitan_clean_submission_expertUITestsLaunchTests.swift */; };
/* End PBXBuildFile section */

/* Begin PBXContainerItemProxy section */
		03A829612737A86D00A3D19D /* PBXContainerItemProxy */ = {
			isa = PBXContainerItemProxy;
			containerPortal = 03A829422737A86C00A3D19D /* Project object */;
			proxyType = 1;
			remoteGlobalIDString = 03A829492737A86C00A3D19D;
			remoteInfo = "gimpolitan-clean-submission-expert";
		};
		03A8296B2737A86D00A3D19D /* PBXContainerItemProxy */ = {
			isa = PBXContainerItemProxy;
			containerPortal = 03A829422737A86C00A3D19D /* Project object */;
			proxyType = 1;
			remoteGlobalIDString = 03A829492737A86C00A3D19D;
			remoteInfo = "gimpolitan-clean-submission-expert";
		};
/* End PBXContainerItemProxy section */

/* Begin PBXFileReference section */
		03A8294A2737A86C00A3D19D /* gimpolitan-clean-submission-expert.app */ = {isa = PBXFileReference; explicitFileType = wrapper.application; includeInIndex = 0; path = "gimpolitan-clean-submission-expert.app"; sourceTree = BUILT_PRODUCTS_DIR; };
		03A8294D2737A86C00A3D19D /* AppDelegate.swift */ = {isa = PBXFileReference; lastKnownFileType = sourcecode.swift; path = AppDelegate.swift; sourceTree = "<group>"; };
		03A8294F2737A86C00A3D19D /* SceneDelegate.swift */ = {isa = PBXFileReference; lastKnownFileType = sourcecode.swift; path = SceneDelegate.swift; sourceTree = "<group>"; };
		03A829512737A86C00A3D19D /* ViewController.swift */ = {isa = PBXFileReference; lastKnownFileType = sourcecode.swift; path = ViewController.swift; sourceTree = "<group>"; };
		03A829542737A86C00A3D19D /* Base */ = {isa = PBXFileReference; lastKnownFileType = file.storyboard; name = Base; path = Base.lproj/Main.storyboard; sourceTree = "<group>"; };
		03A829562737A86D00A3D19D /* Assets.xcassets */ = {isa = PBXFileReference; lastKnownFileType = folder.assetcatalog; path = Assets.xcassets; sourceTree = "<group>"; };
		03A829592737A86D00A3D19D /* Base */ = {isa = PBXFileReference; lastKnownFileType = file.storyboard; name = Base; path = Base.lproj/LaunchScreen.storyboard; sourceTree = "<group>"; };
		03A8295B2737A86D00A3D19D /* Info.plist */ = {isa = PBXFileReference; lastKnownFileType = text.plist.xml; path = Info.plist; sourceTree = "<group>"; };
		03A829602737A86D00A3D19D /* gimpolitan-clean-submission-expertTests.xctest */ = {isa = PBXFileReference; explicitFileType = wrapper.cfbundle; includeInIndex = 0; path = "gimpolitan-clean-submission-expertTests.xctest"; sourceTree = BUILT_PRODUCTS_DIR; };
		03A829642737A86D00A3D19D /* gimpolitan_clean_submission_expertTests.swift */ = {isa = PBXFileReference; lastKnownFileType = sourcecode.swift; path = gimpolitan_clean_submission_expertTests.swift; sourceTree = "<group>"; };
		03A8296A2737A86D00A3D19D /* gimpolitan-clean-submission-expertUITests.xctest */ = {isa = PBXFileReference; explicitFileType = wrapper.cfbundle; includeInIndex = 0; path = "gimpolitan-clean-submission-expertUITests.xctest"; sourceTree = BUILT_PRODUCTS_DIR; };
		03A8296E2737A86D00A3D19D /* gimpolitan_clean_submission_expertUITests.swift */ = {isa = PBXFileReference; lastKnownFileType = sourcecode.swift; path = gimpolitan_clean_submission_expertUITests.swift; sourceTree = "<group>"; };
		03A829702737A86D00A3D19D /* gimpolitan_clean_submission_expertUITestsLaunchTests.swift */ = {isa = PBXFileReference; lastKnownFileType = sourcecode.swift; path = gimpolitan_clean_submission_expertUITestsLaunchTests.swift; sourceTree = "<group>"; };
/* End PBXFileReference section */

/* Begin PBXFrameworksBuildPhase section */
		03A829472737A86C00A3D19D /* Frameworks */ = {
			isa = PBXFrameworksBuildPhase;
			buildActionMask = 2147483647;
			files = (
			);
			runOnlyForDeploymentPostprocessing = 0;
		};
		03A8295D2737A86D00A3D19D /* Frameworks */ = {
			isa = PBXFrameworksBuildPhase;
			buildActionMask = 2147483647;
			files = (
			);
			runOnlyForDeploymentPostprocessing = 0;
		};
		03A829672737A86D00A3D19D /* Frameworks */ = {
			isa = PBXFrameworksBuildPhase;
			buildActionMask = 2147483647;
			files = (
			);
			runOnlyForDeploymentPostprocessing = 0;
		};
/* End PBXFrameworksBuildPhase section */

/* Begin PBXGroup section */
		03A829412737A86C00A3D19D = {
			isa = PBXGroup;
			children = (
				03A8294C2737A86C00A3D19D /* gimpolitan-clean-submission-expert */,
				03A829632737A86D00A3D19D /* gimpolitan-clean-submission-expertTests */,
				03A8296D2737A86D00A3D19D /* gimpolitan-clean-submission-expertUITests */,
				03A8294B2737A86C00A3D19D /* Products */,
			);
			sourceTree = "<group>";
		};
		03A8294B2737A86C00A3D19D /* Products */ = {
			isa = PBXGroup;
			children = (
				03A8294A2737A86C00A3D19D /* gimpolitan-clean-submission-expert.app */,
				03A829602737A86D00A3D19D /* gimpolitan-clean-submission-expertTests.xctest */,
				03A8296A2737A86D00A3D19D /* gimpolitan-clean-submission-expertUITests.xctest */,
			);
			name = Products;
			sourceTree = "<group>";
		};
		03A8294C2737A86C00A3D19D /* gimpolitan-clean-submission-expert */ = {
			isa = PBXGroup;
			children = (
				03A8294D2737A86C00A3D19D /* AppDelegate.swift */,
				03A8294F2737A86C00A3D19D /* SceneDelegate.swift */,
				03A829512737A86C00A3D19D /* ViewController.swift */,
				03A829532737A86C00A3D19D /* Main.storyboard */,
				03A829562737A86D00A3D19D /* Assets.xcassets */,
				03A829582737A86D00A3D19D /* LaunchScreen.storyboard */,
				03A8295B2737A86D00A3D19D /* Info.plist */,
			);
			path = "gimpolitan-clean-submission-expert";
			sourceTree = "<group>";
		};
		03A829632737A86D00A3D19D /* gimpolitan-clean-submission-expertTests */ = {
			isa = PBXGroup;
			children = (
				03A829642737A86D00A3D19D /* gimpolitan_clean_submission_expertTests.swift */,
			);
			path = "gimpolitan-clean-submission-expertTests";
			sourceTree = "<group>";
		};
		03A8296D2737A86D00A3D19D /* gimpolitan-clean-submission-expertUITests */ = {
			isa = PBXGroup;
			children = (
				03A8296E2737A86D00A3D19D /* gimpolitan_clean_submission_expertUITests.swift */,
				03A829702737A86D00A3D19D /* gimpolitan_clean_submission_expertUITestsLaunchTests.swift */,
			);
			path = "gimpolitan-clean-submission-expertUITests";
			sourceTree = "<group>";
		};
/* End PBXGroup section */

/* Begin PBXNativeTarget section */
		03A829492737A86C00A3D19D /* gimpolitan-clean-submission-expert */ = {
			isa = PBXNativeTarget;
			buildConfigurationList = 03A829742737A86D00A3D19D /* Build configuration list for PBXNativeTarget "gimpolitan-clean-submission-expert" */;
			buildPhases = (
				03A829462737A86C00A3D19D /* Sources */,
				03A829472737A86C00A3D19D /* Frameworks */,
				03A829482737A86C00A3D19D /* Resources */,
			);
			buildRules = (
			);
			dependencies = (
			);
			name = "gimpolitan-clean-submission-expert";
			productName = "gimpolitan-clean-submission-expert";
			productReference = 03A8294A2737A86C00A3D19D /* gimpolitan-clean-submission-expert.app */;
			productType = "com.apple.product-type.application";
		};
		03A8295F2737A86D00A3D19D /* gimpolitan-clean-submission-expertTests */ = {
			isa = PBXNativeTarget;
			buildConfigurationList = 03A829772737A86D00A3D19D /* Build configuration list for PBXNativeTarget "gimpolitan-clean-submission-expertTests" */;
			buildPhases = (
				03A8295C2737A86D00A3D19D /* Sources */,
				03A8295D2737A86D00A3D19D /* Frameworks */,
				03A8295E2737A86D00A3D19D /* Resources */,
			);
			buildRules = (
			);
			dependencies = (
				03A829622737A86D00A3D19D /* PBXTargetDependency */,
			);
			name = "gimpolitan-clean-submission-expertTests";
			productName = "gimpolitan-clean-submission-expertTests";
			productReference = 03A829602737A86D00A3D19D /* gimpolitan-clean-submission-expertTests.xctest */;
			productType = "com.apple.product-type.bundle.unit-test";
		};
		03A829692737A86D00A3D19D /* gimpolitan-clean-submission-expertUITests */ = {
			isa = PBXNativeTarget;
			buildConfigurationList = 03A8297A2737A86D00A3D19D /* Build configuration list for PBXNativeTarget "gimpolitan-clean-submission-expertUITests" */;
			buildPhases = (
				03A829662737A86D00A3D19D /* Sources */,
				03A829672737A86D00A3D19D /* Frameworks */,
				03A829682737A86D00A3D19D /* Resources */,
			);
			buildRules = (
			);
			dependencies = (
				03A8296C2737A86D00A3D19D /* PBXTargetDependency */,
			);
			name = "gimpolitan-clean-submission-expertUITests";
			productName = "gimpolitan-clean-submission-expertUITests";
			productReference = 03A8296A2737A86D00A3D19D /* gimpolitan-clean-submission-expertUITests.xctest */;
			productType = "com.apple.product-type.bundle.ui-testing";
		};
/* End PBXNativeTarget section */

/* Begin PBXProject section */
		03A829422737A86C00A3D19D /* Project object */ = {
			isa = PBXProject;
			attributes = {
				BuildIndependentTargetsInParallel = 1;
				LastSwiftUpdateCheck = 1310;
				LastUpgradeCheck = 1310;
				TargetAttributes = {
					03A829492737A86C00A3D19D = {
						CreatedOnToolsVersion = 13.1;
					};
					03A8295F2737A86D00A3D19D = {
						CreatedOnToolsVersion = 13.1;
						TestTargetID = 03A829492737A86C00A3D19D;
					};
					03A829692737A86D00A3D19D = {
						CreatedOnToolsVersion = 13.1;
						TestTargetID = 03A829492737A86C00A3D19D;
					};
				};
			};
			buildConfigurationList = 03A829452737A86C00A3D19D /* Build configuration list for PBXProject "gimpolitan-clean-submission-expert" */;
			compatibilityVersion = "Xcode 13.0";
			developmentRegion = en;
			hasScannedForEncodings = 0;
			knownRegions = (
				en,
				Base,
			);
			mainGroup = 03A829412737A86C00A3D19D;
			productRefGroup = 03A8294B2737A86C00A3D19D /* Products */;
			projectDirPath = "";
			projectRoot = "";
			targets = (
				03A829492737A86C00A3D19D /* gimpolitan-clean-submission-expert */,
				03A8295F2737A86D00A3D19D /* gimpolitan-clean-submission-expertTests */,
				03A829692737A86D00A3D19D /* gimpolitan-clean-submission-expertUITests */,
			);
		};
/* End PBXProject section */

/* Begin PBXResourcesBuildPhase section */
		03A829482737A86C00A3D19D /* Resources */ = {
			isa = PBXResourcesBuildPhase;
			buildActionMask = 2147483647;
			files = (
				03A8295A2737A86D00A3D19D /* LaunchScreen.storyboard in Resources */,
				03A829572737A86D00A3D19D /* Assets.xcassets in Resources */,
				03A829552737A86C00A3D19D /* Main.storyboard in Resources */,
			);
			runOnlyForDeploymentPostprocessing = 0;
		};
		03A8295E2737A86D00A3D19D /* Resources */ = {
			isa = PBXResourcesBuildPhase;
			buildActionMask = 2147483647;
			files = (
			);
			runOnlyForDeploymentPostprocessing = 0;
		};
		03A829682737A86D00A3D19D /* Resources */ = {
			isa = PBXResourcesBuildPhase;
			buildActionMask = 2147483647;
			files = (
			);
			runOnlyForDeploymentPostprocessing = 0;
		};
/* End PBXResourcesBuildPhase section */

/* Begin PBXSourcesBuildPhase section */
		03A829462737A86C00A3D19D /* Sources */ = {
			isa = PBXSourcesBuildPhase;
			buildActionMask = 2147483647;
			files = (
				03A829522737A86C00A3D19D /* ViewController.swift in Sources */,
				03A8294E2737A86C00A3D19D /* AppDelegate.swift in Sources */,
				03A829502737A86C00A3D19D /* SceneDelegate.swift in Sources */,
			);
			runOnlyForDeploymentPostprocessing = 0;
		};
		03A8295C2737A86D00A3D19D /* Sources */ = {
			isa = PBXSourcesBuildPhase;
			buildActionMask = 2147483647;
			files = (
				03A829652737A86D00A3D19D /* gimpolitan_clean_submission_expertTests.swift in Sources */,
			);
			runOnlyForDeploymentPostprocessing = 0;
		};
		03A829662737A86D00A3D19D /* Sources */ = {
			isa = PBXSourcesBuildPhase;
			buildActionMask = 2147483647;
			files = (
				03A829712737A86D00A3D19D /* gimpolitan_clean_submission_expertUITestsLaunchTests.swift in Sources */,
				03A8296F2737A86D00A3D19D /* gimpolitan_clean_submission_expertUITests.swift in Sources */,
			);
			runOnlyForDeploymentPostprocessing = 0;
		};
/* End PBXSourcesBuildPhase section */

/* Begin PBXTargetDependency section */
		03A829622737A86D00A3D19D /* PBXTargetDependency */ = {
			isa = PBXTargetDependency;
			target = 03A829492737A86C00A3D19D /* gimpolitan-clean-submission-expert */;
			targetProxy = 03A829612737A86D00A3D19D /* PBXContainerItemProxy */;
		};
		03A8296C2737A86D00A3D19D /* PBXTargetDependency */ = {
			isa = PBXTargetDependency;
			target = 03A829492737A86C00A3D19D /* gimpolitan-clean-submission-expert */;
			targetProxy = 03A8296B2737A86D00A3D19D /* PBXContainerItemProxy */;
		};
/* End PBXTargetDependency section */

/* Begin PBXVariantGroup section */
		03A829532737A86C00A3D19D /* Main.storyboard */ = {
			isa = PBXVariantGroup;
			children = (
				03A829542737A86C00A3D19D /* Base */,
			);
			name = Main.storyboard;
			sourceTree = "<group>";
		};
		03A829582737A86D00A3D19D /* LaunchScreen.storyboard */ = {
			isa = PBXVariantGroup;
			children = (
				03A829592737A86D00A3D19D /* Base */,
			);
			name = LaunchScreen.storyboard;
			sourceTree = "<group>";
		};
/* End PBXVariantGroup section */

/* Begin XCBuildConfiguration section */
		03A829722737A86D00A3D19D /* Debug */ = {
			isa = XCBuildConfiguration;
			buildSettings = {
				ALWAYS_SEARCH_USER_PATHS = NO;
				CLANG_ANALYZER_NONNULL = YES;
				CLANG_ANALYZER_NUMBER_OBJECT_CONVERSION = YES_AGGRESSIVE;
				CLANG_CXX_LANGUAGE_STANDARD = "gnu++17";
				CLANG_CXX_LIBRARY = "libc++";
				CLANG_ENABLE_MODULES = YES;
				CLANG_ENABLE_OBJC_ARC = YES;
				CLANG_ENABLE_OBJC_WEAK = YES;
				CLANG_WARN_BLOCK_CAPTURE_AUTORELEASING = YES;
				CLANG_WARN_BOOL_CONVERSION = YES;
				CLANG_WARN_COMMA = YES;
				CLANG_WARN_CONSTANT_CONVERSION = YES;
				CLANG_WARN_DEPRECATED_OBJC_IMPLEMENTATIONS = YES;
				CLANG_WARN_DIRECT_OBJC_ISA_USAGE = YES_ERROR;
				CLANG_WARN_DOCUMENTATION_COMMENTS = YES;
				CLANG_WARN_EMPTY_BODY = YES;
				CLANG_WARN_ENUM_CONVERSION = YES;
				CLANG_WARN_INFINITE_RECURSION = YES;
				CLANG_WARN_INT_CONVERSION = YES;
				CLANG_WARN_NON_LITERAL_NULL_CONVERSION = YES;
				CLANG_WARN_OBJC_IMPLICIT_RETAIN_SELF = YES;
				CLANG_WARN_OBJC_LITERAL_CONVERSION = YES;
				CLANG_WARN_OBJC_ROOT_CLASS = YES_ERROR;
				CLANG_WARN_QUOTED_INCLUDE_IN_FRAMEWORK_HEADER = YES;
				CLANG_WARN_RANGE_LOOP_ANALYSIS = YES;
				CLANG_WARN_STRICT_PROTOTYPES = YES;
				CLANG_WARN_SUSPICIOUS_MOVE = YES;
				CLANG_WARN_UNGUARDED_AVAILABILITY = YES_AGGRESSIVE;
				CLANG_WARN_UNREACHABLE_CODE = YES;
				CLANG_WARN__DUPLICATE_METHOD_MATCH = YES;
				COPY_PHASE_STRIP = NO;
				DEBUG_INFORMATION_FORMAT = dwarf;
				ENABLE_STRICT_OBJC_MSGSEND = YES;
				ENABLE_TESTABILITY = YES;
				GCC_C_LANGUAGE_STANDARD = gnu11;
				GCC_DYNAMIC_NO_PIC = NO;
				GCC_NO_COMMON_BLOCKS = YES;
				GCC_OPTIMIZATION_LEVEL = 0;
				GCC_PREPROCESSOR_DEFINITIONS = (
					"DEBUG=1",
					"$(inherited)",
				);
				GCC_WARN_64_TO_32_BIT_CONVERSION = YES;
				GCC_WARN_ABOUT_RETURN_TYPE = YES_ERROR;
				GCC_WARN_UNDECLARED_SELECTOR = YES;
				GCC_WARN_UNINITIALIZED_AUTOS = YES_AGGRESSIVE;
				GCC_WARN_UNUSED_FUNCTION = YES;
				GCC_WARN_UNUSED_VARIABLE = YES;
				IPHONEOS_DEPLOYMENT_TARGET = 15.0;
				MTL_ENABLE_DEBUG_INFO = INCLUDE_SOURCE;
				MTL_FAST_MATH = YES;
				ONLY_ACTIVE_ARCH = YES;
				SDKROOT = iphoneos;
				SWIFT_ACTIVE_COMPILATION_CONDITIONS = DEBUG;
				SWIFT_OPTIMIZATION_LEVEL = "-Onone";
			};
			name = Debug;
		};
		03A829732737A86D00A3D19D /* Release */ = {
			isa = XCBuildConfiguration;
			buildSettings = {
				ALWAYS_SEARCH_USER_PATHS = NO;
				CLANG_ANALYZER_NONNULL = YES;
				CLANG_ANALYZER_NUMBER_OBJECT_CONVERSION = YES_AGGRESSIVE;
				CLANG_CXX_LANGUAGE_STANDARD = "gnu++17";
				CLANG_CXX_LIBRARY = "libc++";
				CLANG_ENABLE_MODULES = YES;
				CLANG_ENABLE_OBJC_ARC = YES;
				CLANG_ENABLE_OBJC_WEAK = YES;
				CLANG_WARN_BLOCK_CAPTURE_AUTORELEASING = YES;
				CLANG_WARN_BOOL_CONVERSION = YES;
				CLANG_WARN_COMMA = YES;
				CLANG_WARN_CONSTANT_CONVERSION = YES;
				CLANG_WARN_DEPRECATED_OBJC_IMPLEMENTATIONS = YES;
				CLANG_WARN_DIRECT_OBJC_ISA_USAGE = YES_ERROR;
				CLANG_WARN_DOCUMENTATION_COMMENTS = YES;
				CLANG_WARN_EMPTY_BODY = YES;
				CLANG_WARN_ENUM_CONVERSION = YES;
				CLANG_WARN_INFINITE_RECURSION = YES;
				CLANG_WARN_INT_CONVERSION = YES;
				CLANG_WARN_NON_LITERAL_NULL_CONVERSION = YES;
				CLANG_WARN_OBJC_IMPLICIT_RETAIN_SELF = YES;
				CLANG_WARN_OBJC_LITERAL_CONVERSION = YES;
				CLANG_WARN_OBJC_ROOT_CLASS = YES_ERROR;
				CLANG_WARN_QUOTED_INCLUDE_IN_FRAMEWORK_HEADER = YES;
				CLANG_WARN_RANGE_LOOP_ANALYSIS = YES;
				CLANG_WARN_STRICT_PROTOTYPES = YES;
				CLANG_WARN_SUSPICIOUS_MOVE = YES;
				CLANG_WARN_UNGUARDED_AVAILABILITY = YES_AGGRESSIVE;
				CLANG_WARN_UNREACHABLE_CODE = YES;
				CLANG_WARN__DUPLICATE_METHOD_MATCH = YES;
				COPY_PHASE_STRIP = NO;
				DEBUG_INFORMATION_FORMAT = "dwarf-with-dsym";
				ENABLE_NS_ASSERTIONS = NO;
				ENABLE_STRICT_OBJC_MSGSEND = YES;
				GCC_C_LANGUAGE_STANDARD = gnu11;
				GCC_NO_COMMON_BLOCKS = YES;
				GCC_WARN_64_TO_32_BIT_CONVERSION = YES;
				GCC_WARN_ABOUT_RETURN_TYPE = YES_ERROR;
				GCC_WARN_UNDECLARED_SELECTOR = YES;
				GCC_WARN_UNINITIALIZED_AUTOS = YES_AGGRESSIVE;
				GCC_WARN_UNUSED_FUNCTION = YES;
				GCC_WARN_UNUSED_VARIABLE = YES;
				IPHONEOS_DEPLOYMENT_TARGET = 15.0;
				MTL_ENABLE_DEBUG_INFO = NO;
				MTL_FAST_MATH = YES;
				SDKROOT = iphoneos;
				SWIFT_COMPILATION_MODE = wholemodule;
				SWIFT_OPTIMIZATION_LEVEL = "-O";
				VALIDATE_PRODUCT = YES;
			};
			name = Release;
		};
		03A829752737A86D00A3D19D /* Debug */ = {
			isa = XCBuildConfiguration;
			buildSettings = {
				ASSETCATALOG_COMPILER_APPICON_NAME = AppIcon;
				ASSETCATALOG_COMPILER_GLOBAL_ACCENT_COLOR_NAME = AccentColor;
				CODE_SIGN_STYLE = Automatic;
				CURRENT_PROJECT_VERSION = 1;
				DEVELOPMENT_TEAM = 846H8ZXGL8;
				GENERATE_INFOPLIST_FILE = YES;
				INFOPLIST_FILE = "gimpolitan-clean-submission-expert/Info.plist";
				INFOPLIST_KEY_UIApplicationSupportsIndirectInputEvents = YES;
				INFOPLIST_KEY_UILaunchStoryboardName = LaunchScreen;
				INFOPLIST_KEY_UIMainStoryboardFile = Main;
				INFOPLIST_KEY_UISupportedInterfaceOrientations_iPad = "UIInterfaceOrientationPortrait UIInterfaceOrientationPortraitUpsideDown UIInterfaceOrientationLandscapeLeft UIInterfaceOrientationLandscapeRight";
				INFOPLIST_KEY_UISupportedInterfaceOrientations_iPhone = "UIInterfaceOrientationPortrait UIInterfaceOrientationLandscapeLeft UIInterfaceOrientationLandscapeRight";
				LD_RUNPATH_SEARCH_PATHS = (
					"$(inherited)",
					"@executable_path/Frameworks",
				);
				MARKETING_VERSION = 1.0;
				PRODUCT_BUNDLE_IDENTIFIER = "com.galangaji.gimpolitan-clean-submission-expert";
				PRODUCT_NAME = "$(TARGET_NAME)";
				SWIFT_EMIT_LOC_STRINGS = YES;
				SWIFT_VERSION = 5.0;
				TARGETED_DEVICE_FAMILY = "1,2";
			};
			name = Debug;
		};
		03A829762737A86D00A3D19D /* Release */ = {
			isa = XCBuildConfiguration;
			buildSettings = {
				ASSETCATALOG_COMPILER_APPICON_NAME = AppIcon;
				ASSETCATALOG_COMPILER_GLOBAL_ACCENT_COLOR_NAME = AccentColor;
				CODE_SIGN_STYLE = Automatic;
				CURRENT_PROJECT_VERSION = 1;
				DEVELOPMENT_TEAM = 846H8ZXGL8;
				GENERATE_INFOPLIST_FILE = YES;
				INFOPLIST_FILE = "gimpolitan-clean-submission-expert/Info.plist";
				INFOPLIST_KEY_UIApplicationSupportsIndirectInputEvents = YES;
				INFOPLIST_KEY_UILaunchStoryboardName = LaunchScreen;
				INFOPLIST_KEY_UIMainStoryboardFile = Main;
				INFOPLIST_KEY_UISupportedInterfaceOrientations_iPad = "UIInterfaceOrientationPortrait UIInterfaceOrientationPortraitUpsideDown UIInterfaceOrientationLandscapeLeft UIInterfaceOrientationLandscapeRight";
				INFOPLIST_KEY_UISupportedInterfaceOrientations_iPhone = "UIInterfaceOrientationPortrait UIInterfaceOrientationLandscapeLeft UIInterfaceOrientationLandscapeRight";
				LD_RUNPATH_SEARCH_PATHS = (
					"$(inherited)",
					"@executable_path/Frameworks",
				);
				MARKETING_VERSION = 1.0;
				PRODUCT_BUNDLE_IDENTIFIER = "com.galangaji.gimpolitan-clean-submission-expert";
				PRODUCT_NAME = "$(TARGET_NAME)";
				SWIFT_EMIT_LOC_STRINGS = YES;
				SWIFT_VERSION = 5.0;
				TARGETED_DEVICE_FAMILY = "1,2";
			};
			name = Release;
		};
		03A829782737A86D00A3D19D /* Debug */ = {
			isa = XCBuildConfiguration;
			buildSettings = {
				ALWAYS_EMBED_SWIFT_STANDARD_LIBRARIES = YES;
				BUNDLE_LOADER = "$(TEST_HOST)";
				CODE_SIGN_STYLE = Automatic;
				CURRENT_PROJECT_VERSION = 1;
				DEVELOPMENT_TEAM = 846H8ZXGL8;
				GENERATE_INFOPLIST_FILE = YES;
				IPHONEOS_DEPLOYMENT_TARGET = 15.0;
				LD_RUNPATH_SEARCH_PATHS = (
					"$(inherited)",
					"@executable_path/Frameworks",
					"@loader_path/Frameworks",
				);
				MARKETING_VERSION = 1.0;
				PRODUCT_BUNDLE_IDENTIFIER = "com.galangaji.gimpolitan-clean-submission-expertTests";
				PRODUCT_NAME = "$(TARGET_NAME)";
				SWIFT_EMIT_LOC_STRINGS = NO;
				SWIFT_VERSION = 5.0;
				TARGETED_DEVICE_FAMILY = "1,2";
				TEST_HOST = "$(BUILT_PRODUCTS_DIR)/gimpolitan-clean-submission-expert.app/gimpolitan-clean-submission-expert";
			};
			name = Debug;
		};
		03A829792737A86D00A3D19D /* Release */ = {
			isa = XCBuildConfiguration;
			buildSettings = {
				ALWAYS_EMBED_SWIFT_STANDARD_LIBRARIES = YES;
				BUNDLE_LOADER = "$(TEST_HOST)";
				CODE_SIGN_STYLE = Automatic;
				CURRENT_PROJECT_VERSION = 1;
				DEVELOPMENT_TEAM = 846H8ZXGL8;
				GENERATE_INFOPLIST_FILE = YES;
				IPHONEOS_DEPLOYMENT_TARGET = 15.0;
				LD_RUNPATH_SEARCH_PATHS = (
					"$(inherited)",
					"@executable_path/Frameworks",
					"@loader_path/Frameworks",
				);
				MARKETING_VERSION = 1.0;
				PRODUCT_BUNDLE_IDENTIFIER = "com.galangaji.gimpolitan-clean-submission-expertTests";
				PRODUCT_NAME = "$(TARGET_NAME)";
				SWIFT_EMIT_LOC_STRINGS = NO;
				SWIFT_VERSION = 5.0;
				TARGETED_DEVICE_FAMILY = "1,2";
				TEST_HOST = "$(BUILT_PRODUCTS_DIR)/gimpolitan-clean-submission-expert.app/gimpolitan-clean-submission-expert";
			};
			name = Release;
		};
		03A8297B2737A86D00A3D19D /* Debug */ = {
			isa = XCBuildConfiguration;
			buildSettings = {
				ALWAYS_EMBED_SWIFT_STANDARD_LIBRARIES = YES;
				CODE_SIGN_STYLE = Automatic;
				CURRENT_PROJECT_VERSION = 1;
				DEVELOPMENT_TEAM = 846H8ZXGL8;
				GENERATE_INFOPLIST_FILE = YES;
				LD_RUNPATH_SEARCH_PATHS = (
					"$(inherited)",
					"@executable_path/Frameworks",
					"@loader_path/Frameworks",
				);
				MARKETING_VERSION = 1.0;
				PRODUCT_BUNDLE_IDENTIFIER = "com.galangaji.gimpolitan-clean-submission-expertUITests";
				PRODUCT_NAME = "$(TARGET_NAME)";
				SWIFT_EMIT_LOC_STRINGS = NO;
				SWIFT_VERSION = 5.0;
				TARGETED_DEVICE_FAMILY = "1,2";
				TEST_TARGET_NAME = "gimpolitan-clean-submission-expert";
			};
			name = Debug;
		};
		03A8297C2737A86D00A3D19D /* Release */ = {
			isa = XCBuildConfiguration;
			buildSettings = {
				ALWAYS_EMBED_SWIFT_STANDARD_LIBRARIES = YES;
				CODE_SIGN_STYLE = Automatic;
				CURRENT_PROJECT_VERSION = 1;
				DEVELOPMENT_TEAM = 846H8ZXGL8;
				GENERATE_INFOPLIST_FILE = YES;
				LD_RUNPATH_SEARCH_PATHS = (
					"$(inherited)",
					"@executable_path/Frameworks",
					"@loader_path/Frameworks",
				);
				MARKETING_VERSION = 1.0;
				PRODUCT_BUNDLE_IDENTIFIER = "com.galangaji.gimpolitan-clean-submission-expertUITests";
				PRODUCT_NAME = "$(TARGET_NAME)";
				SWIFT_EMIT_LOC_STRINGS = NO;
				SWIFT_VERSION = 5.0;
				TARGETED_DEVICE_FAMILY = "1,2";
				TEST_TARGET_NAME = "gimpolitan-clean-submission-expert";
			};
			name = Release;
		};
/* End XCBuildConfiguration section */

/* Begin XCConfigurationList section */
		03A829452737A86C00A3D19D /* Build configuration list for PBXProject "gimpolitan-clean-submission-expert" */ = {
			isa = XCConfigurationList;
			buildConfigurations = (
				03A829722737A86D00A3D19D /* Debug */,
				03A829732737A86D00A3D19D /* Release */,
			);
			defaultConfigurationIsVisible = 0;
			defaultConfigurationName = Release;
		};
		03A829742737A86D00A3D19D /* Build configuration list for PBXNativeTarget "gimpolitan-clean-submission-expert" */ = {
			isa = XCConfigurationList;
			buildConfigurations = (
				03A829752737A86D00A3D19D /* Debug */,
				03A829762737A86D00A3D19D /* Release */,
			);
			defaultConfigurationIsVisible = 0;
			defaultConfigurationName = Release;
		};
		03A829772737A86D00A3D19D /* Build configuration list for PBXNativeTarget "gimpolitan-clean-submission-expertTests" */ = {
			isa = XCConfigurationList;
			buildConfigurations = (
				03A829782737A86D00A3D19D /* Debug */,
				03A829792737A86D00A3D19D /* Release */,
			);
			defaultConfigurationIsVisible = 0;
			defaultConfigurationName = Release;
		};
		03A8297A2737A86D00A3D19D /* Build configuration list for PBXNativeTarget "gimpolitan-clean-submission-expertUITests" */ = {
			isa = XCConfigurationList;
			buildConfigurations = (
				03A8297B2737A86D00A3D19D /* Debug */,
				03A8297C2737A86D00A3D19D /* Release */,
			);
			defaultConfigurationIsVisible = 0;
			defaultConfigurationName = Release;
		};
/* End XCConfigurationList section */
	};
	rootObject = 03A829422737A86C00A3D19D /* Project object */;
}
